{
  "version": 4,
  "terraform_version": "1.4.6",
  "serial": 37,
  "lineage": "d52f98a8-23ee-f3f6-11c2-bdcfcd01ee93",
  "outputs": {
    "cluster_name": {
      "value": "random-azure-aci-cluster",
      "type": "string"
    },
    "key_data": {
      "value": "ssh-rsa AAAAB3NzaC1yc2EAAAADAQABAAABgQDLxTB8/1Nq8jG7V7QzOlUQu3ehqYqyZSHuHwOpM5zXfO/ukykRgVMwmOHqyIfehNANpILhPr85aXeo/4PcKQkDjVNSAi1l8Py53fyi7kn7ngy9yS2nHp46JSo7azlaEkOiVzdzqdpkjpKmkOJHPh5K7OFdVtOCagQUM8eFoXwCJshxeowjO6xfBNWvYiWd+K+e2CMaGtjf29N7bV9uCD+47Vu/jjrmPoq7j0LsMmlRnwe/B3vRX+d8nwku7kv4wLR4N/C8OCVS+95MbhGmINTOu0CLsH1q14ARR5oHmPYIugw84wUu1ZUDEG8fTCqJ+WYQ7ObBJmZfI9P1uFpNjJL9LzFAQ2Nqx1O71HQdpn0WQuh2Anp5IjP9gLvzUohRZx9bx3A+KF5Y9CV5UbDplRICO2H/EplCPW741Uy7sI06OSr18gbE2sjumIJs4YBmZKx6fcxxnnW7KSl5FA8fO3p1XT4m20hhlW++EZS8UfO3SywkfrA3TEs/gNYZ/mmQCLk= generated-by-azure",
      "type": "string"
    },
    "resource_group_name": {
      "value": "random-resource-group",
      "type": "string"
    }
  },
  "resources": [
    {
      "mode": "managed",
      "type": "azapi_resource",
      "name": "ssh_public_key",
      "provider": "provider[\"registry.terraform.io/azure/azapi\"]",
      "instances": [
        {
          "schema_version": 0,
          "attributes": {
            "body": "{}",
            "id": "/subscriptions/5a84cb53-b383-44db-bd58-c65ca3dfcb8c/resourceGroups/random-resource-group/providers/Microsoft.Compute/sshPublicKeys/crowdstrike-ssh-key",
            "identity": [],
            "ignore_body_changes": null,
            "ignore_casing": false,
            "ignore_missing_property": true,
            "location": "uksouth",
            "locks": null,
            "name": "crowdstrike-ssh-key",
            "output": "{}",
            "parent_id": "/subscriptions/5a84cb53-b383-44db-bd58-c65ca3dfcb8c/resourceGroups/random-resource-group",
            "removing_special_chars": false,
            "response_export_values": null,
            "schema_validation_enabled": true,
            "tags": {
              "Enviroment": "DVN-LAB",
              "cstag-accounting": "dev",
              "cstag-business": "Sales",
              "cstag-department": "Sales - 310000",
              "cstag-owner": "njoshi02",
              "cstag-product": "Falcon"
            },
            "timeouts": null,
            "type": "Microsoft.Compute/sshPublicKeys@2022-11-01"
          },
          "sensitive_attributes": [],
          "private": "eyJlMmJmYjczMC1lY2FhLTExZTYtOGY4OC0zNDM2M2JjN2M0YzAiOnsiY3JlYXRlIjoxODAwMDAwMDAwMDAwLCJkZWxldGUiOjE4MDAwMDAwMDAwMDAsInJlYWQiOjMwMDAwMDAwMDAwMCwidXBkYXRlIjoxODAwMDAwMDAwMDAwfX0=",
          "dependencies": [
            "azurerm_resource_group.rg"
          ]
        }
      ]
    },
    {
      "mode": "managed",
      "type": "azapi_resource_action",
      "name": "ssh_public_key_gen",
      "provider": "provider[\"registry.terraform.io/azure/azapi\"]",
      "instances": [
        {
          "schema_version": 0,
          "attributes": {
            "action": "generateKeyPair",
            "body": null,
            "id": "/subscriptions/5a84cb53-b383-44db-bd58-c65ca3dfcb8c/resourceGroups/random-resource-group/providers/Microsoft.Compute/sshPublicKeys/crowdstrike-ssh-key/generateKeyPair",
            "locks": null,
            "method": "POST",
            "output": "{\"privateKey\":\"-----BEGIN RSA PRIVATE KEY-----\\r\\nMIIG4wIBAAKCAYEAy8UwfP9TavIxu1e0MzpVELt3oamKsmUh7h8DqTOc13zv7pMp\\r\\nEYFTMJjh6siH3oTQDaSC4T6/OWl3qP+D3CkJA41TUgItZfD8ud38ou5J+54Mvckt\\r\\npx6eOiUqO2s5WhJDolc3c6naZI6SppDiRz4eSuzhXVbTgmoEFDPHhaF8AibIcXqM\\r\\nIzusXwTVr2IlnfivntgjGhrY39vTe21fbgg/uO1bv4465j6Ku49C7DJpUZ8Hvwd7\\r\\n0V/nfJ8JLu5L+MC0eDfwvDglUvveTG4RpiDUzrtAi7B9ateAEUeaB5j2CLoMPOMF\\r\\nLtWVAxBvH0wqiflmEOzmwSZmXyPT9bhaTYyS/S8xQENjasdTu9R0HaZ9FkLodgJ6\\r\\neSIz/YC781KIUWcfW8dwPiheWPQleVGw6ZUSAjth/xKZQj1u+NVMu7CNOjkq9fIG\\r\\nxNrI7piCbOGAZmSsen3McZ51uykpeRQPHzt6dV0+JttIYZVvvhGUvFHzt0ssJH6w\\r\\nN0xLP4DWGf5pkAi5AgMBAAECggGANzLGbMXZefn7oM0kQlBF5M9zm7ZKnQKqS0/Z\\r\\ndQdHMFRmxlDU6ioHN/3iDPCfZZbCqT9sOMn/kPTR9lSpCoWPLIgnDusKEzhRraPF\\r\\noPk9z0xEFVEe7ctsf0G8C/aCxbR2384SdmGHiH/amAZdVYEtQYyji95OU2CWlEZm\\r\\ngPt6lTaeS6cvuQecLO0pWWYT3JQWNshD0fl90D5DLoc1N6BCarzZgq1rpR1CBYbM\\r\\nUSFiyDp1JblIQDJjia2nFjB1IgBJJwyejLM/KWqmz4ixl9GsJDmKTSLLSThvwQFJ\\r\\nfMAgT/T+Eh3lwS9JRwyK0VWRl8hj1nNFyIQGV0t0kZihf1gcDFrNUSdDXvfKLXuZ\\r\\n5qpf+gjKO09hKYGFBumwqz9mxatM2Zq1V5yht9kJAPuGMbnTGnWSM5dcYSJvhMsM\\r\\nNaHjU9BPvdLck+O4rC1BT4VEBZLvleQGVyUBnIIj6enIG24GH9EurkLUBm5G+wlr\\r\\nDHGZJJa+ksw8w2Qc9g+thq1hMmuFAoHBAOweIxAxyAqGJ2KzT892Dsu21VGVUuB7\\r\\nn0XZGQ+y8a3xT7t6mzi3Ghtm18CjD0AohLLg6Ur171p7isF8rxY0WjJVZwlpGBg9\\r\\nEtOEeWyYvO/eUGReWNjHnCJv7Bh618hzZn5CnCSat0Vj4RguvgAvSv7Cr1UEcfQC\\r\\nha88P3cv9iipKnftXLZNHnCX5+7EVxXgFobhvZXdmZ2mwGGYxfwKh3QoHJDxoaeE\\r\\ni/cdAdaovhbnoxZUiyUJMTGaHINwrhB9gwKBwQDc7cF7fWAdPte+sVMZZkOgcjEE\\r\\niLlXrR8N5K8N8B/lU/n2XqdCkua7zJOM22P5mODOqozUT+Nsg4umrrm1cIr68aU9\\r\\n5VFrNeTUynGRKrnI6SsnCCC/l6eU8d9Xyqr/I1vQVLHraM314/pYrcESfpx8DpmH\\r\\nF8WspCPFqQPMVpW/Cp9XlHhat02ZceF4uhZlzXZuiDohdIJI+aTrgTKYhpFapqdI\\r\\nSC9wph4PBXGwitxzLvUVOAJEPnQTktWzwXWI6BMCgcB72bL6o6ISIxw1oWiToZFR\\r\\nOa3bBUBbj3yT3rROj8ZFPvZbmIwiy6heByvUV7OAK8CvM1orf6T1CShXJVeRhhRp\\r\\nonJRdVa2IBLn7+zhEZzJFQuGGhbwXoN/bMWicY0OD7oLMFVGvgCz3RgM3ze6URQ9\\r\\nXVEqfxJms4v7xtZjZjzwRwuHrHGdDgaReJynmUU0rD4ksfQH0BzrnLP8fW4cLkmu\\r\\nm/uf656nh9cC36w/NHPA/++DnwT9gDzVj8i1CT3EWJECgcEAg2unQddl+l+spRIE\\r\\n1cIgjmv/Pqw6XK5uH6yeeZMS1i9rLSRHKPIL8UETsKG9SfeoGygXGCDhr2ZdB20+\\r\\nqXDmK7rdSgGEulrX4cD/Z5Rb6ejSM6jBGleTZ6Wt7yJvL9CPyFDpeZjhk9jmziOm\\r\\nC2NnoOBqcZMxkq4dXXJaAQ6si3U9LjLymTwbHCFDN7aypiJfxgahVc9hxRlEApfb\\r\\nSiIaiytBrVzLY55dmR/q7lLcKmSPg+zKZGAmWpJpL0Hwsd0jAoHAF8/OMSqwibBw\\r\\nU2aRRR7FI1d7NWkjCkEP/nBXN6jX36sWwW0nGUpG3MkNJ2CO/6LivQ01dSvNI+mK\\r\\nzA8v5qzrejp8vPZkagTGm3hXVi/FIOckLZZkYTssEZS3+7+FLdpjwZPQs3s/6oMS\\r\\nKGB64x2JBaX5yCasQ/ox9Bsq/kCf1ujjjVYu4Gl8oO0V5W0dxYm9FhC7stK9nJLP\\r\\n8xN1/iUwGgbBC5sgw6U9hXLvG5z/Ym39LYNkVQM6rCO6WEO470i9\\r\\n-----END RSA PRIVATE KEY-----\\r\\n\",\"publicKey\":\"ssh-rsa AAAAB3NzaC1yc2EAAAADAQABAAABgQDLxTB8/1Nq8jG7V7QzOlUQu3ehqYqyZSHuHwOpM5zXfO/ukykRgVMwmOHqyIfehNANpILhPr85aXeo/4PcKQkDjVNSAi1l8Py53fyi7kn7ngy9yS2nHp46JSo7azlaEkOiVzdzqdpkjpKmkOJHPh5K7OFdVtOCagQUM8eFoXwCJshxeowjO6xfBNWvYiWd+K+e2CMaGtjf29N7bV9uCD+47Vu/jjrmPoq7j0LsMmlRnwe/B3vRX+d8nwku7kv4wLR4N/C8OCVS+95MbhGmINTOu0CLsH1q14ARR5oHmPYIugw84wUu1ZUDEG8fTCqJ+WYQ7ObBJmZfI9P1uFpNjJL9LzFAQ2Nqx1O71HQdpn0WQuh2Anp5IjP9gLvzUohRZx9bx3A+KF5Y9CV5UbDplRICO2H/EplCPW741Uy7sI06OSr18gbE2sjumIJs4YBmZKx6fcxxnnW7KSl5FA8fO3p1XT4m20hhlW++EZS8UfO3SywkfrA3TEs/gNYZ/mmQCLk= generated-by-azure\"}",
            "resource_id": "/subscriptions/5a84cb53-b383-44db-bd58-c65ca3dfcb8c/resourceGroups/random-resource-group/providers/Microsoft.Compute/sshPublicKeys/crowdstrike-ssh-key",
            "response_export_values": [
              "publicKey",
              "privateKey"
            ],
            "timeouts": null,
            "type": "Microsoft.Compute/sshPublicKeys@2022-11-01",
            "when": "apply"
          },
          "sensitive_attributes": [],
          "private": "eyJlMmJmYjczMC1lY2FhLTExZTYtOGY4OC0zNDM2M2JjN2M0YzAiOnsiY3JlYXRlIjoxODAwMDAwMDAwMDAwLCJkZWxldGUiOjE4MDAwMDAwMDAwMDAsInJlYWQiOjMwMDAwMDAwMDAwMCwidXBkYXRlIjoxODAwMDAwMDAwMDAwfX0=",
          "dependencies": [
            "azapi_resource.ssh_public_key",
            "azurerm_resource_group.rg"
          ]
        }
      ]
    },
    {
      "mode": "managed",
      "type": "azurerm_container_group",
      "name": "example",
      "provider": "provider[\"registry.terraform.io/hashicorp/azurerm\"]",
      "instances": [
        {
          "schema_version": 0,
          "attributes": {
            "container": [
              {
                "commands": [],
                "cpu": 0.5,
                "cpu_limit": 0,
                "environment_variables": null,
                "gpu": [],
                "gpu_limit": [],
                "image": "mcr.microsoft.com/azuredocs/aci-helloworld:latest",
                "liveness_probe": [],
                "memory": 1.5,
                "memory_limit": 0,
                "name": "hello-world",
                "ports": [
                  {
                    "port": 443,
                    "protocol": "TCP"
                  }
                ],
                "readiness_probe": [],
                "secure_environment_variables": null,
                "security": [],
                "volume": []
              },
              {
                "commands": [],
                "cpu": 0.5,
                "cpu_limit": 0,
                "environment_variables": null,
                "gpu": [],
                "gpu_limit": [],
                "image": "mcr.microsoft.com/azuredocs/aci-tutorial-sidecar",
                "liveness_probe": [],
                "memory": 1.5,
                "memory_limit": 0,
                "name": "sidecar",
                "ports": [],
                "readiness_probe": [],
                "secure_environment_variables": null,
                "security": [],
                "volume": []
              }
            ],
            "diagnostics": [],
            "dns_config": [],
            "dns_name_label": "",
            "dns_name_label_reuse_policy": "Unsecure",
            "exposed_port": [
              {
                "port": 443,
                "protocol": "TCP"
              }
            ],
            "fqdn": "",
            "id": "/subscriptions/5a84cb53-b383-44db-bd58-c65ca3dfcb8c/resourceGroups/random-resource-group/providers/Microsoft.ContainerInstance/containerGroups/random-azure-aci-cluster",
            "identity": [],
            "image_registry_credential": [],
            "init_container": [],
            "ip_address": "10.0.1.4",
            "ip_address_type": "Private",
            "key_vault_key_id": null,
            "key_vault_user_assigned_identity_id": null,
            "location": "uksouth",
            "name": "random-azure-aci-cluster",
            "network_profile_id": null,
            "os_type": "Linux",
            "priority": "",
            "resource_group_name": "random-resource-group",
            "restart_policy": "Always",
            "sku": "Standard",
            "subnet_ids": [
              "/subscriptions/5a84cb53-b383-44db-bd58-c65ca3dfcb8c/resourceGroups/random-resource-group/providers/Microsoft.Network/virtualNetworks/example-network/subnets/random_subnet1"
            ],
            "tags": {
              "Enviroment": "DVN-LAB",
              "cstag-accounting": "dev",
              "cstag-business": "Sales",
              "cstag-department": "Sales - 310000",
              "cstag-owner": "njoshi02",
              "cstag-product": "Falcon"
            },
            "timeouts": null,
            "zones": null
          },
          "sensitive_attributes": [],
          "private": "eyJlMmJmYjczMC1lY2FhLTExZTYtOGY4OC0zNDM2M2JjN2M0YzAiOnsiY3JlYXRlIjoxODAwMDAwMDAwMDAwLCJkZWxldGUiOjE4MDAwMDAwMDAwMDAsInJlYWQiOjMwMDAwMDAwMDAwMCwidXBkYXRlIjoxODAwMDAwMDAwMDAwfX0=",
          "dependencies": [
            "azurerm_resource_group.rg",
            "azurerm_subnet.aci_subnet",
            "azurerm_virtual_network.example"
          ]
        }
      ]
    },
    {
      "mode": "managed",
      "type": "azurerm_resource_group",
      "name": "rg",
      "provider": "provider[\"registry.terraform.io/hashicorp/azurerm\"]",
      "instances": [
        {
          "schema_version": 0,
          "attributes": {
            "id": "/subscriptions/5a84cb53-b383-44db-bd58-c65ca3dfcb8c/resourceGroups/random-resource-group",
            "location": "uksouth",
            "managed_by": "",
            "name": "random-resource-group",
            "tags": null,
            "timeouts": null
          },
          "sensitive_attributes": [],
          "private": "eyJlMmJmYjczMC1lY2FhLTExZTYtOGY4OC0zNDM2M2JjN2M0YzAiOnsiY3JlYXRlIjo1NDAwMDAwMDAwMDAwLCJkZWxldGUiOjU0MDAwMDAwMDAwMDAsInJlYWQiOjMwMDAwMDAwMDAwMCwidXBkYXRlIjo1NDAwMDAwMDAwMDAwfX0="
        }
      ]
    },
    {
      "mode": "managed",
      "type": "azurerm_subnet",
      "name": "aci_subnet",
      "provider": "provider[\"registry.terraform.io/hashicorp/azurerm\"]",
      "instances": [
        {
          "schema_version": 0,
          "attributes": {
            "address_prefixes": [
              "10.0.1.0/24"
            ],
            "delegation": [
              {
                "name": "delegation",
                "service_delegation": [
                  {
                    "actions": [
                      "Microsoft.Network/virtualNetworks/subnets/action"
                    ],
                    "name": "Microsoft.ContainerInstance/containerGroups"
                  }
                ]
              }
            ],
            "enforce_private_link_endpoint_network_policies": false,
            "enforce_private_link_service_network_policies": false,
            "id": "/subscriptions/5a84cb53-b383-44db-bd58-c65ca3dfcb8c/resourceGroups/random-resource-group/providers/Microsoft.Network/virtualNetworks/example-network/subnets/random_subnet1",
            "name": "random_subnet1",
            "private_endpoint_network_policies_enabled": true,
            "private_link_service_network_policies_enabled": true,
            "resource_group_name": "random-resource-group",
            "service_endpoint_policy_ids": null,
            "service_endpoints": null,
            "timeouts": null,
            "virtual_network_name": "example-network"
          },
          "sensitive_attributes": [],
          "private": "eyJlMmJmYjczMC1lY2FhLTExZTYtOGY4OC0zNDM2M2JjN2M0YzAiOnsiY3JlYXRlIjoxODAwMDAwMDAwMDAwLCJkZWxldGUiOjE4MDAwMDAwMDAwMDAsInJlYWQiOjMwMDAwMDAwMDAwMCwidXBkYXRlIjoxODAwMDAwMDAwMDAwfX0=",
          "dependencies": [
            "azurerm_resource_group.rg",
            "azurerm_virtual_network.example"
          ]
        }
      ]
    },
    {
      "mode": "managed",
      "type": "azurerm_virtual_network",
      "name": "example",
      "provider": "provider[\"registry.terraform.io/hashicorp/azurerm\"]",
      "instances": [
        {
          "schema_version": 0,
          "attributes": {
            "address_space": [
              "10.0.0.0/16"
            ],
            "bgp_community": "",
            "ddos_protection_plan": [],
            "dns_servers": [],
            "edge_zone": "",
            "encryption": [],
            "flow_timeout_in_minutes": 0,
            "guid": "2b472f61-7492-4fc2-8bbc-e8fe4da98054",
            "id": "/subscriptions/5a84cb53-b383-44db-bd58-c65ca3dfcb8c/resourceGroups/random-resource-group/providers/Microsoft.Network/virtualNetworks/example-network",
            "location": "uksouth",
            "name": "example-network",
            "resource_group_name": "random-resource-group",
            "subnet": [],
            "tags": {
              "Enviroment": "DVN-LAB"
            },
            "timeouts": null
          },
          "sensitive_attributes": [],
          "private": "eyJlMmJmYjczMC1lY2FhLTExZTYtOGY4OC0zNDM2M2JjN2M0YzAiOnsiY3JlYXRlIjoxODAwMDAwMDAwMDAwLCJkZWxldGUiOjE4MDAwMDAwMDAwMDAsInJlYWQiOjMwMDAwMDAwMDAwMCwidXBkYXRlIjoxODAwMDAwMDAwMDAwfX0=",
          "dependencies": [
            "azurerm_resource_group.rg"
          ]
        }
      ]
    }
  ],
  "check_results": null
}
