{
  "version": 4,
  "terraform_version": "1.4.6",
  "serial": 1007,
  "lineage": "45d5e892-fcc6-4081-51d6-262198059f76",
  "outputs": {},
  "resources": [
    {
      "mode": "data",
      "type": "aws_availability_zones",
      "name": "available",
      "provider": "provider[\"registry.terraform.io/hashicorp/aws\"]",
      "instances": [
        {
          "schema_version": 0,
          "attributes": {
            "all_availability_zones": null,
            "exclude_names": null,
            "exclude_zone_ids": null,
            "filter": null,
            "group_names": [
              "eu-west-1"
            ],
            "id": "eu-west-1",
            "names": [
              "eu-west-1a",
              "eu-west-1b",
              "eu-west-1c"
            ],
            "state": null,
            "timeouts": null,
            "zone_ids": [
              "euw1-az3",
              "euw1-az1",
              "euw1-az2"
            ]
          },
          "sensitive_attributes": []
        }
      ]
    },
    {
      "mode": "data",
      "type": "aws_ssm_parameter",
      "name": "ecs_optimized_ami",
      "provider": "provider[\"registry.terraform.io/hashicorp/aws\"]",
      "instances": [
        {
          "schema_version": 0,
          "attributes": {
            "arn": "arn:aws:ssm:eu-west-1::parameter/aws/service/ecs/optimized-ami/amazon-linux-2/recommended",
            "id": "/aws/service/ecs/optimized-ami/amazon-linux-2/recommended",
            "insecure_value": "{\"ecs_agent_version\":\"1.81.0\",\"ecs_runtime_version\":\"Docker version 20.10.25\",\"image_id\":\"ami-089a79adb84b4446e\",\"image_name\":\"amzn2-ami-ecs-hvm-2.0.20240201-x86_64-ebs\",\"image_version\":\"2.0.20240201\",\"os\":\"Amazon Linux 2\",\"schema_version\":1,\"source_image_name\":\"amzn2-ami-minimal-hvm-2.0.20240131.0-x86_64-ebs\"}",
            "name": "/aws/service/ecs/optimized-ami/amazon-linux-2/recommended",
            "type": "String",
            "value": "{\"ecs_agent_version\":\"1.81.0\",\"ecs_runtime_version\":\"Docker version 20.10.25\",\"image_id\":\"ami-089a79adb84b4446e\",\"image_name\":\"amzn2-ami-ecs-hvm-2.0.20240201-x86_64-ebs\",\"image_version\":\"2.0.20240201\",\"os\":\"Amazon Linux 2\",\"schema_version\":1,\"source_image_name\":\"amzn2-ami-minimal-hvm-2.0.20240131.0-x86_64-ebs\"}",
            "version": 133,
            "with_decryption": true
          },
          "sensitive_attributes": []
        }
      ]
    },
    {
      "module": "module.alb",
      "mode": "managed",
      "type": "aws_lb_target_group",
      "name": "this",
      "provider": "provider[\"registry.terraform.io/hashicorp/aws\"]",
      "instances": [
        {
          "index_key": "ex_ecs",
          "schema_version": 0,
          "attributes": {
            "arn": "arn:aws:elasticloadbalancing:eu-west-1:517716713836:targetgroup/tf-20240209173521203200000011/a85eb8c5a57866d4",
            "arn_suffix": "targetgroup/tf-20240209173521203200000011/a85eb8c5a57866d4",
            "connection_termination": null,
            "deregistration_delay": "1",
            "health_check": [
              {
                "enabled": true,
                "healthy_threshold": 3,
                "interval": 30,
                "matcher": "200",
                "path": "/",
                "port": "traffic-port",
                "protocol": "HTTP",
                "timeout": 5,
                "unhealthy_threshold": 2
              }
            ],
            "id": "arn:aws:elasticloadbalancing:eu-west-1:517716713836:targetgroup/tf-20240209173521203200000011/a85eb8c5a57866d4",
            "ip_address_type": "ipv4",
            "lambda_multi_value_headers_enabled": false,
            "load_balancing_algorithm_type": "round_robin",
            "load_balancing_anomaly_mitigation": "off",
            "load_balancing_cross_zone_enabled": "true",
            "name": "tf-20240209173521203200000011",
            "name_prefix": "tf-",
            "port": 80,
            "preserve_client_ip": null,
            "protocol": "HTTP",
            "protocol_version": "HTTP1",
            "proxy_protocol_v2": false,
            "slow_start": 0,
            "stickiness": [
              {
                "cookie_duration": 86400,
                "cookie_name": "",
                "enabled": false,
                "type": "lb_cookie"
              }
            ],
            "tags": {
              "name": "njoshi02",
              "terraform-aws-modules": "alb",
              "vendor": "CrowdStrike"
            },
            "tags_all": {
              "name": "njoshi02",
              "terraform-aws-modules": "alb",
              "vendor": "CrowdStrike"
            },
            "target_failover": [
              {
                "on_deregistration": null,
                "on_unhealthy": null
              }
            ],
            "target_health_state": [
              {
                "enable_unhealthy_connection_termination": null
              }
            ],
            "target_type": "ip",
            "vpc_id": "vpc-098a7f677075f1c06"
          },
          "sensitive_attributes": [],
          "private": "bnVsbA==",
          "dependencies": [
            "module.vpc.aws_vpc.this"
          ],
          "create_before_destroy": true
        }
      ]
    },
    {
      "module": "module.autoscaling[\"ex_1\"]",
      "mode": "data",
      "type": "aws_default_tags",
      "name": "current",
      "provider": "provider[\"registry.terraform.io/hashicorp/aws\"]",
      "instances": [
        {
          "schema_version": 0,
          "attributes": {
            "id": "aws",
            "tags": {}
          },
          "sensitive_attributes": []
        }
      ]
    },
    {
      "module": "module.autoscaling[\"ex_1\"]",
      "mode": "data",
      "type": "aws_iam_policy_document",
      "name": "assume_role_policy",
      "provider": "provider[\"registry.terraform.io/hashicorp/aws\"]",
      "instances": [
        {
          "index_key": 0,
          "schema_version": 0,
          "attributes": {
            "id": "1256122602",
            "json": "{\n  \"Version\": \"2012-10-17\",\n  \"Statement\": [\n    {\n      \"Sid\": \"EC2AssumeRole\",\n      \"Effect\": \"Allow\",\n      \"Action\": \"sts:AssumeRole\",\n      \"Principal\": {\n        \"Service\": \"ec2.amazonaws.com\"\n      }\n    }\n  ]\n}",
            "override_policy_documents": null,
            "policy_id": null,
            "source_policy_documents": null,
            "statement": [
              {
                "actions": [
                  "sts:AssumeRole"
                ],
                "condition": [],
                "effect": "Allow",
                "not_actions": [],
                "not_principals": [],
                "not_resources": [],
                "principals": [
                  {
                    "identifiers": [
                      "ec2.amazonaws.com"
                    ],
                    "type": "Service"
                  }
                ],
                "resources": [],
                "sid": "EC2AssumeRole"
              }
            ],
            "version": "2012-10-17"
          },
          "sensitive_attributes": []
        }
      ]
    },
    {
      "module": "module.autoscaling[\"ex_1\"]",
      "mode": "data",
      "type": "aws_partition",
      "name": "current",
      "provider": "provider[\"registry.terraform.io/hashicorp/aws\"]",
      "instances": [
        {
          "schema_version": 0,
          "attributes": {
            "dns_suffix": "amazonaws.com",
            "id": "aws",
            "partition": "aws",
            "reverse_dns_prefix": "com.amazonaws"
          },
          "sensitive_attributes": []
        }
      ]
    },
    {
      "module": "module.autoscaling[\"ex_1\"]",
      "mode": "managed",
      "type": "aws_autoscaling_group",
      "name": "idc",
      "provider": "provider[\"registry.terraform.io/hashicorp/aws\"]",
      "instances": [
        {
          "index_key": 0,
          "schema_version": 1,
          "attributes": {
            "arn": "arn:aws:autoscaling:eu-west-1:517716713836:autoScalingGroup:d7cc946d-c984-47bd-a26d-71d88732d2d7:autoScalingGroupName/random-ecs-ex_1-20240209173523048800000019",
            "availability_zones": [
              "eu-west-1a",
              "eu-west-1b",
              "eu-west-1c"
            ],
            "capacity_rebalance": false,
            "context": "",
            "default_cooldown": 300,
            "default_instance_warmup": 0,
            "desired_capacity": 2,
            "desired_capacity_type": "",
            "enabled_metrics": [],
            "force_delete": false,
            "force_delete_warm_pool": false,
            "health_check_grace_period": 300,
            "health_check_type": "EC2",
            "id": "random-ecs-ex_1-20240209173523048800000019",
            "ignore_failed_scaling_activities": false,
            "initial_lifecycle_hook": [],
            "instance_maintenance_policy": [],
            "instance_refresh": [],
            "launch_configuration": "",
            "launch_template": [],
            "load_balancers": [],
            "max_instance_lifetime": 0,
            "max_size": 2,
            "metrics_granularity": "1Minute",
            "min_elb_capacity": null,
            "min_size": 1,
            "mixed_instances_policy": [
              {
                "instances_distribution": [
                  {
                    "on_demand_allocation_strategy": "prioritized",
                    "on_demand_base_capacity": 0,
                    "on_demand_percentage_above_base_capacity": 0,
                    "spot_allocation_strategy": "price-capacity-optimized",
                    "spot_instance_pools": 0,
                    "spot_max_price": ""
                  }
                ],
                "launch_template": [
                  {
                    "launch_template_specification": [
                      {
                        "launch_template_id": "lt-08dd74fc98625c315",
                        "launch_template_name": "random-ecs-ex_1-20240209173522754600000016",
                        "version": "1"
                      }
                    ],
                    "override": [
                      {
                        "instance_requirements": [],
                        "instance_type": "t3.medium",
                        "launch_template_specification": [],
                        "weighted_capacity": "1"
                      }
                    ]
                  }
                ]
              }
            ],
            "name": "random-ecs-ex_1-20240209173523048800000019",
            "name_prefix": "random-ecs-ex_1-",
            "placement_group": "",
            "predicted_capacity": 0,
            "protect_from_scale_in": true,
            "service_linked_role_arn": "arn:aws:iam::517716713836:role/aws-service-role/autoscaling.amazonaws.com/AWSServiceRoleForAutoScaling",
            "suspended_processes": [],
            "tag": [
              {
                "key": "AmazonECSManaged",
                "propagate_at_launch": true,
                "value": "true"
              },
              {
                "key": "Name",
                "propagate_at_launch": true,
                "value": "random-ecs-ex_1"
              },
              {
                "key": "name",
                "propagate_at_launch": true,
                "value": "njoshi02"
              },
              {
                "key": "vendor",
                "propagate_at_launch": true,
                "value": "CrowdStrike"
              }
            ],
            "target_group_arns": [],
            "termination_policies": [],
            "timeouts": {
              "delete": null,
              "update": null
            },
            "traffic_source": [],
            "vpc_zone_identifier": [
              "subnet-0613324197d1c99b1",
              "subnet-06c2558eaeb752e80",
              "subnet-06cc5d47efef24428"
            ],
            "wait_for_capacity_timeout": "10m",
            "wait_for_elb_capacity": null,
            "warm_pool": [],
            "warm_pool_size": 0
          },
          "sensitive_attributes": [],
          "private": "eyJlMmJmYjczMC1lY2FhLTExZTYtOGY4OC0zNDM2M2JjN2M0YzAiOnsiZGVsZXRlIjo2MDAwMDAwMDAwMDAsInVwZGF0ZSI6NjAwMDAwMDAwMDAwfSwic2NoZW1hX3ZlcnNpb24iOiIxIn0=",
          "dependencies": [
            "data.aws_availability_zones.available",
            "data.aws_ssm_parameter.ecs_optimized_ami",
            "module.autoscaling.aws_iam_instance_profile.this",
            "module.autoscaling.aws_iam_role.this",
            "module.autoscaling.aws_launch_template.this",
            "module.autoscaling.data.aws_default_tags.current",
            "module.autoscaling.data.aws_iam_policy_document.assume_role_policy",
            "module.autoscaling.data.aws_partition.current",
            "module.autoscaling_sg.aws_security_group.this",
            "module.autoscaling_sg.aws_security_group.this_name_prefix",
            "module.vpc.aws_subnet.private",
            "module.vpc.aws_vpc.this",
            "module.vpc.aws_vpc_ipv4_cidr_block_association.this"
          ],
          "create_before_destroy": true
        }
      ]
    },
    {
      "module": "module.autoscaling[\"ex_1\"]",
      "mode": "managed",
      "type": "aws_iam_instance_profile",
      "name": "this",
      "provider": "provider[\"registry.terraform.io/hashicorp/aws\"]",
      "instances": [
        {
          "index_key": 0,
          "schema_version": 0,
          "attributes": {
            "arn": "arn:aws:iam::517716713836:instance-profile/random-iam-role-20240209173509758700000007",
            "create_date": "2024-02-09T17:35:10Z",
            "id": "random-iam-role-20240209173509758700000007",
            "name": "random-iam-role-20240209173509758700000007",
            "name_prefix": "random-iam-role-",
            "path": "/",
            "role": "random-iam-role-20240209173508775600000005",
            "tags": {
              "name": "njoshi02",
              "vendor": "CrowdStrike"
            },
            "tags_all": {
              "name": "njoshi02",
              "vendor": "CrowdStrike"
            },
            "unique_id": "AIPAXRCSSEFWGKZUQCK7P"
          },
          "sensitive_attributes": [],
          "private": "bnVsbA==",
          "dependencies": [
            "module.autoscaling.aws_iam_role.this",
            "module.autoscaling.data.aws_iam_policy_document.assume_role_policy",
            "module.autoscaling.data.aws_partition.current"
          ],
          "create_before_destroy": true
        }
      ]
    },
    {
      "module": "module.autoscaling[\"ex_1\"]",
      "mode": "managed",
      "type": "aws_iam_role",
      "name": "this",
      "provider": "provider[\"registry.terraform.io/hashicorp/aws\"]",
      "instances": [
        {
          "index_key": 0,
          "schema_version": 0,
          "attributes": {
            "arn": "arn:aws:iam::517716713836:role/random-iam-role-20240209173508775600000005",
            "assume_role_policy": "{\"Statement\":[{\"Action\":\"sts:AssumeRole\",\"Effect\":\"Allow\",\"Principal\":{\"Service\":\"ec2.amazonaws.com\"},\"Sid\":\"EC2AssumeRole\"}],\"Version\":\"2012-10-17\"}",
            "create_date": "2024-02-09T17:35:09Z",
            "description": "ECS role for random-iam-role",
            "force_detach_policies": true,
            "id": "random-iam-role-20240209173508775600000005",
            "inline_policy": [],
            "managed_policy_arns": [
              "arn:aws:iam::aws:policy/AmazonSSMManagedInstanceCore",
              "arn:aws:iam::aws:policy/service-role/AmazonEC2ContainerServiceforEC2Role"
            ],
            "max_session_duration": 3600,
            "name": "random-iam-role-20240209173508775600000005",
            "name_prefix": "random-iam-role-",
            "path": "/",
            "permissions_boundary": "",
            "tags": {
              "name": "njoshi02",
              "vendor": "CrowdStrike"
            },
            "tags_all": {
              "name": "njoshi02",
              "vendor": "CrowdStrike"
            },
            "unique_id": "AROAXRCSSEFWLUYOS6QNQ"
          },
          "sensitive_attributes": [],
          "private": "bnVsbA==",
          "dependencies": [
            "module.autoscaling.data.aws_iam_policy_document.assume_role_policy",
            "module.autoscaling.data.aws_partition.current"
          ],
          "create_before_destroy": true
        }
      ]
    },
    {
      "module": "module.autoscaling[\"ex_1\"]",
      "mode": "managed",
      "type": "aws_launch_template",
      "name": "this",
      "provider": "provider[\"registry.terraform.io/hashicorp/aws\"]",
      "instances": [
        {
          "index_key": 0,
          "schema_version": 0,
          "attributes": {
            "arn": "arn:aws:ec2:eu-west-1:517716713836:launch-template/lt-08dd74fc98625c315",
            "block_device_mappings": [],
            "capacity_reservation_specification": [],
            "cpu_options": [],
            "credit_specification": [],
            "default_version": 1,
            "description": "",
            "disable_api_stop": false,
            "disable_api_termination": false,
            "ebs_optimized": "",
            "elastic_gpu_specifications": [],
            "elastic_inference_accelerator": [],
            "enclave_options": [],
            "hibernation_options": [],
            "iam_instance_profile": [
              {
                "arn": "arn:aws:iam::517716713836:instance-profile/random-iam-role-20240209173509758700000007",
                "name": ""
              }
            ],
            "id": "lt-08dd74fc98625c315",
            "image_id": "ami-089a79adb84b4446e",
            "instance_initiated_shutdown_behavior": "",
            "instance_market_options": [],
            "instance_requirements": [],
            "instance_type": "t3.medium",
            "kernel_id": "",
            "key_name": "",
            "latest_version": 1,
            "license_specification": [],
            "maintenance_options": [],
            "metadata_options": [],
            "monitoring": [
              {
                "enabled": true
              }
            ],
            "name": "random-ecs-ex_1-20240209173522754600000016",
            "name_prefix": "random-ecs-ex_1-",
            "network_interfaces": [],
            "placement": [],
            "private_dns_name_options": [],
            "ram_disk_id": "",
            "security_group_names": [],
            "tag_specifications": [],
            "tags": {
              "name": "njoshi02",
              "vendor": "CrowdStrike"
            },
            "tags_all": {
              "name": "njoshi02",
              "vendor": "CrowdStrike"
            },
            "update_default_version": null,
            "user_data": "IyEvYmluL2Jhc2gKCmNhdCA8PCdFT0YnID4+IC9ldGMvZWNzL2Vjcy5jb25maWcKRUNTX0NMVVNURVI9cmFuZG9tLWVjcy1lYzItY2x1c3RlcgpFQ1NfTE9HTEVWRUw9ZGVidWcKRUNTX0NPTlRBSU5FUl9JTlNUQU5DRV9UQUdTPXsibmFtZSI6Im5qb3NoaTAyIiwidmVuZG9yIjoiQ3Jvd2RTdHJpa2UifQpFQ1NfRU5BQkxFX1RBU0tfSUFNX1JPTEU9dHJ1ZQpFT0YK",
            "vpc_security_group_ids": [
              "sg-03a865577bacd65a1"
            ]
          },
          "sensitive_attributes": [
            [
              {
                "type": "get_attr",
                "value": "image_id"
              }
            ]
          ],
          "private": "bnVsbA==",
          "dependencies": [
            "data.aws_ssm_parameter.ecs_optimized_ami",
            "module.autoscaling.aws_iam_instance_profile.this",
            "module.autoscaling.aws_iam_role.this",
            "module.autoscaling.data.aws_iam_policy_document.assume_role_policy",
            "module.autoscaling.data.aws_partition.current",
            "module.autoscaling_sg.aws_security_group.this",
            "module.autoscaling_sg.aws_security_group.this_name_prefix",
            "module.vpc.aws_vpc.this"
          ],
          "create_before_destroy": true
        }
      ]
    },
    {
      "module": "module.autoscaling[\"ex_2\"]",
      "mode": "data",
      "type": "aws_default_tags",
      "name": "current",
      "provider": "provider[\"registry.terraform.io/hashicorp/aws\"]",
      "instances": [
        {
          "schema_version": 0,
          "attributes": {
            "id": "aws",
            "tags": {}
          },
          "sensitive_attributes": []
        }
      ]
    },
    {
      "module": "module.autoscaling[\"ex_2\"]",
      "mode": "data",
      "type": "aws_iam_policy_document",
      "name": "assume_role_policy",
      "provider": "provider[\"registry.terraform.io/hashicorp/aws\"]",
      "instances": [
        {
          "index_key": 0,
          "schema_version": 0,
          "attributes": {
            "id": "1256122602",
            "json": "{\n  \"Version\": \"2012-10-17\",\n  \"Statement\": [\n    {\n      \"Sid\": \"EC2AssumeRole\",\n      \"Effect\": \"Allow\",\n      \"Action\": \"sts:AssumeRole\",\n      \"Principal\": {\n        \"Service\": \"ec2.amazonaws.com\"\n      }\n    }\n  ]\n}",
            "override_policy_documents": null,
            "policy_id": null,
            "source_policy_documents": null,
            "statement": [
              {
                "actions": [
                  "sts:AssumeRole"
                ],
                "condition": [],
                "effect": "Allow",
                "not_actions": [],
                "not_principals": [],
                "not_resources": [],
                "principals": [
                  {
                    "identifiers": [
                      "ec2.amazonaws.com"
                    ],
                    "type": "Service"
                  }
                ],
                "resources": [],
                "sid": "EC2AssumeRole"
              }
            ],
            "version": "2012-10-17"
          },
          "sensitive_attributes": []
        }
      ]
    },
    {
      "module": "module.autoscaling[\"ex_2\"]",
      "mode": "data",
      "type": "aws_partition",
      "name": "current",
      "provider": "provider[\"registry.terraform.io/hashicorp/aws\"]",
      "instances": [
        {
          "schema_version": 0,
          "attributes": {
            "dns_suffix": "amazonaws.com",
            "id": "aws",
            "partition": "aws",
            "reverse_dns_prefix": "com.amazonaws"
          },
          "sensitive_attributes": []
        }
      ]
    },
    {
      "module": "module.autoscaling[\"ex_2\"]",
      "mode": "managed",
      "type": "aws_autoscaling_group",
      "name": "idc",
      "provider": "provider[\"registry.terraform.io/hashicorp/aws\"]",
      "instances": [
        {
          "index_key": 0,
          "schema_version": 1,
          "attributes": {
            "arn": "arn:aws:autoscaling:eu-west-1:517716713836:autoScalingGroup:7742be79-7780-4072-a819-62a8c9a58fb9:autoScalingGroupName/random-ecs-ex_2-20240209173523048500000018",
            "availability_zones": [
              "eu-west-1a",
              "eu-west-1b",
              "eu-west-1c"
            ],
            "capacity_rebalance": false,
            "context": "",
            "default_cooldown": 300,
            "default_instance_warmup": 0,
            "desired_capacity": 2,
            "desired_capacity_type": "",
            "enabled_metrics": [],
            "force_delete": false,
            "force_delete_warm_pool": false,
            "health_check_grace_period": 300,
            "health_check_type": "EC2",
            "id": "random-ecs-ex_2-20240209173523048500000018",
            "ignore_failed_scaling_activities": false,
            "initial_lifecycle_hook": [],
            "instance_maintenance_policy": [],
            "instance_refresh": [],
            "launch_configuration": "",
            "launch_template": [],
            "load_balancers": [],
            "max_instance_lifetime": 0,
            "max_size": 2,
            "metrics_granularity": "1Minute",
            "min_elb_capacity": null,
            "min_size": 1,
            "mixed_instances_policy": [
              {
                "instances_distribution": [
                  {
                    "on_demand_allocation_strategy": "prioritized",
                    "on_demand_base_capacity": 0,
                    "on_demand_percentage_above_base_capacity": 0,
                    "spot_allocation_strategy": "price-capacity-optimized",
                    "spot_instance_pools": 0,
                    "spot_max_price": ""
                  }
                ],
                "launch_template": [
                  {
                    "launch_template_specification": [
                      {
                        "launch_template_id": "lt-0a0750333b9d2e351",
                        "launch_template_name": "random-ecs-ex_2-20240209173522754600000014",
                        "version": "1"
                      }
                    ],
                    "override": [
                      {
                        "instance_requirements": [],
                        "instance_type": "t3.medium",
                        "launch_template_specification": [],
                        "weighted_capacity": "1"
                      }
                    ]
                  }
                ]
              }
            ],
            "name": "random-ecs-ex_2-20240209173523048500000018",
            "name_prefix": "random-ecs-ex_2-",
            "placement_group": "",
            "predicted_capacity": 0,
            "protect_from_scale_in": true,
            "service_linked_role_arn": "arn:aws:iam::517716713836:role/aws-service-role/autoscaling.amazonaws.com/AWSServiceRoleForAutoScaling",
            "suspended_processes": [],
            "tag": [
              {
                "key": "AmazonECSManaged",
                "propagate_at_launch": true,
                "value": "true"
              },
              {
                "key": "Name",
                "propagate_at_launch": true,
                "value": "random-ecs-ex_2"
              },
              {
                "key": "name",
                "propagate_at_launch": true,
                "value": "njoshi02"
              },
              {
                "key": "vendor",
                "propagate_at_launch": true,
                "value": "CrowdStrike"
              }
            ],
            "target_group_arns": [],
            "termination_policies": [],
            "timeouts": {
              "delete": null,
              "update": null
            },
            "traffic_source": [],
            "vpc_zone_identifier": [
              "subnet-0613324197d1c99b1",
              "subnet-06c2558eaeb752e80",
              "subnet-06cc5d47efef24428"
            ],
            "wait_for_capacity_timeout": "10m",
            "wait_for_elb_capacity": null,
            "warm_pool": [],
            "warm_pool_size": 0
          },
          "sensitive_attributes": [],
          "private": "eyJlMmJmYjczMC1lY2FhLTExZTYtOGY4OC0zNDM2M2JjN2M0YzAiOnsiZGVsZXRlIjo2MDAwMDAwMDAwMDAsInVwZGF0ZSI6NjAwMDAwMDAwMDAwfSwic2NoZW1hX3ZlcnNpb24iOiIxIn0=",
          "dependencies": [
            "data.aws_availability_zones.available",
            "data.aws_ssm_parameter.ecs_optimized_ami",
            "module.autoscaling.aws_iam_instance_profile.this",
            "module.autoscaling.aws_iam_role.this",
            "module.autoscaling.aws_launch_template.this",
            "module.autoscaling.data.aws_default_tags.current",
            "module.autoscaling.data.aws_iam_policy_document.assume_role_policy",
            "module.autoscaling.data.aws_partition.current",
            "module.autoscaling_sg.aws_security_group.this",
            "module.autoscaling_sg.aws_security_group.this_name_prefix",
            "module.vpc.aws_subnet.private",
            "module.vpc.aws_vpc.this",
            "module.vpc.aws_vpc_ipv4_cidr_block_association.this"
          ],
          "create_before_destroy": true
        }
      ]
    },
    {
      "module": "module.autoscaling[\"ex_2\"]",
      "mode": "managed",
      "type": "aws_iam_instance_profile",
      "name": "this",
      "provider": "provider[\"registry.terraform.io/hashicorp/aws\"]",
      "instances": [
        {
          "index_key": 0,
          "schema_version": 0,
          "attributes": {
            "arn": "arn:aws:iam::517716713836:instance-profile/random-iam-role-20240209173509755400000006",
            "create_date": "2024-02-09T17:35:09Z",
            "id": "random-iam-role-20240209173509755400000006",
            "name": "random-iam-role-20240209173509755400000006",
            "name_prefix": "random-iam-role-",
            "path": "/",
            "role": "random-iam-role-20240209173508775200000002",
            "tags": {
              "name": "njoshi02",
              "vendor": "CrowdStrike"
            },
            "tags_all": {
              "name": "njoshi02",
              "vendor": "CrowdStrike"
            },
            "unique_id": "AIPAXRCSSEFWAHIQSQVJS"
          },
          "sensitive_attributes": [],
          "private": "bnVsbA==",
          "dependencies": [
            "module.autoscaling.aws_iam_role.this",
            "module.autoscaling.data.aws_iam_policy_document.assume_role_policy",
            "module.autoscaling.data.aws_partition.current"
          ],
          "create_before_destroy": true
        }
      ]
    },
    {
      "module": "module.autoscaling[\"ex_2\"]",
      "mode": "managed",
      "type": "aws_iam_role",
      "name": "this",
      "provider": "provider[\"registry.terraform.io/hashicorp/aws\"]",
      "instances": [
        {
          "index_key": 0,
          "schema_version": 0,
          "attributes": {
            "arn": "arn:aws:iam::517716713836:role/random-iam-role-20240209173508775200000002",
            "assume_role_policy": "{\"Statement\":[{\"Action\":\"sts:AssumeRole\",\"Effect\":\"Allow\",\"Principal\":{\"Service\":\"ec2.amazonaws.com\"},\"Sid\":\"EC2AssumeRole\"}],\"Version\":\"2012-10-17\"}",
            "create_date": "2024-02-09T17:35:09Z",
            "description": "ECS role for random-iam-role",
            "force_detach_policies": true,
            "id": "random-iam-role-20240209173508775200000002",
            "inline_policy": [],
            "managed_policy_arns": [
              "arn:aws:iam::aws:policy/AmazonSSMManagedInstanceCore",
              "arn:aws:iam::aws:policy/service-role/AmazonEC2ContainerServiceforEC2Role"
            ],
            "max_session_duration": 3600,
            "name": "random-iam-role-20240209173508775200000002",
            "name_prefix": "random-iam-role-",
            "path": "/",
            "permissions_boundary": "",
            "tags": {
              "name": "njoshi02",
              "vendor": "CrowdStrike"
            },
            "tags_all": {
              "name": "njoshi02",
              "vendor": "CrowdStrike"
            },
            "unique_id": "AROAXRCSSEFWJJC3EAUKE"
          },
          "sensitive_attributes": [],
          "private": "bnVsbA==",
          "dependencies": [
            "module.autoscaling.data.aws_iam_policy_document.assume_role_policy",
            "module.autoscaling.data.aws_partition.current"
          ],
          "create_before_destroy": true
        }
      ]
    },
    {
      "module": "module.autoscaling[\"ex_2\"]",
      "mode": "managed",
      "type": "aws_launch_template",
      "name": "this",
      "provider": "provider[\"registry.terraform.io/hashicorp/aws\"]",
      "instances": [
        {
          "index_key": 0,
          "schema_version": 0,
          "attributes": {
            "arn": "arn:aws:ec2:eu-west-1:517716713836:launch-template/lt-0a0750333b9d2e351",
            "block_device_mappings": [],
            "capacity_reservation_specification": [],
            "cpu_options": [],
            "credit_specification": [],
            "default_version": 1,
            "description": "",
            "disable_api_stop": false,
            "disable_api_termination": false,
            "ebs_optimized": "",
            "elastic_gpu_specifications": [],
            "elastic_inference_accelerator": [],
            "enclave_options": [],
            "hibernation_options": [],
            "iam_instance_profile": [
              {
                "arn": "arn:aws:iam::517716713836:instance-profile/random-iam-role-20240209173509755400000006",
                "name": ""
              }
            ],
            "id": "lt-0a0750333b9d2e351",
            "image_id": "ami-089a79adb84b4446e",
            "instance_initiated_shutdown_behavior": "",
            "instance_market_options": [],
            "instance_requirements": [],
            "instance_type": "t3.medium",
            "kernel_id": "",
            "key_name": "",
            "latest_version": 1,
            "license_specification": [],
            "maintenance_options": [],
            "metadata_options": [],
            "monitoring": [
              {
                "enabled": true
              }
            ],
            "name": "random-ecs-ex_2-20240209173522754600000014",
            "name_prefix": "random-ecs-ex_2-",
            "network_interfaces": [],
            "placement": [],
            "private_dns_name_options": [],
            "ram_disk_id": "",
            "security_group_names": [],
            "tag_specifications": [],
            "tags": {
              "name": "njoshi02",
              "vendor": "CrowdStrike"
            },
            "tags_all": {
              "name": "njoshi02",
              "vendor": "CrowdStrike"
            },
            "update_default_version": null,
            "user_data": "IyEvYmluL2Jhc2gKCmNhdCA8PCdFT0YnID4+IC9ldGMvZWNzL2Vjcy5jb25maWcKRUNTX0NMVVNURVI9cmFuZG9tLWVjcy1lYzItY2x1c3RlcgpFQ1NfTE9HTEVWRUw9ZGVidWcKRUNTX0NPTlRBSU5FUl9JTlNUQU5DRV9UQUdTPXsibmFtZSI6Im5qb3NoaTAyIiwidmVuZG9yIjoiQ3Jvd2RTdHJpa2UifQpFQ1NfRU5BQkxFX1RBU0tfSUFNX1JPTEU9dHJ1ZQpFQ1NfRU5BQkxFX1NQT1RfSU5TVEFOQ0VfRFJBSU5JTkc9dHJ1ZQpFT0YK",
            "vpc_security_group_ids": [
              "sg-03a865577bacd65a1"
            ]
          },
          "sensitive_attributes": [
            [
              {
                "type": "get_attr",
                "value": "image_id"
              }
            ]
          ],
          "private": "bnVsbA==",
          "dependencies": [
            "data.aws_ssm_parameter.ecs_optimized_ami",
            "module.autoscaling.aws_iam_instance_profile.this",
            "module.autoscaling.aws_iam_role.this",
            "module.autoscaling.data.aws_iam_policy_document.assume_role_policy",
            "module.autoscaling.data.aws_partition.current",
            "module.autoscaling_sg.aws_security_group.this",
            "module.autoscaling_sg.aws_security_group.this_name_prefix",
            "module.vpc.aws_vpc.this"
          ],
          "create_before_destroy": true
        }
      ]
    },
    {
      "module": "module.autoscaling_sg",
      "mode": "managed",
      "type": "aws_security_group",
      "name": "this_name_prefix",
      "provider": "provider[\"registry.terraform.io/hashicorp/aws\"]",
      "instances": [
        {
          "index_key": 0,
          "schema_version": 1,
          "attributes": {
            "arn": "arn:aws:ec2:eu-west-1:517716713836:security-group/sg-03a865577bacd65a1",
            "description": "Autoscaling group security group",
            "egress": [
              {
                "cidr_blocks": [
                  "0.0.0.0/0"
                ],
                "description": "All protocols",
                "from_port": 0,
                "ipv6_cidr_blocks": [
                  "::/0"
                ],
                "prefix_list_ids": [],
                "protocol": "-1",
                "security_groups": [],
                "self": false,
                "to_port": 0
              }
            ],
            "id": "sg-03a865577bacd65a1",
            "ingress": [
              {
                "cidr_blocks": [],
                "description": "Ingress Rule",
                "from_port": 80,
                "ipv6_cidr_blocks": [],
                "prefix_list_ids": [],
                "protocol": "tcp",
                "security_groups": [
                  "sg-0f115fa3a0018b0d4"
                ],
                "self": false,
                "to_port": 80
              }
            ],
            "name": "random-autoscale-security-group-2024020917352117670000000f",
            "name_prefix": "random-autoscale-security-group-",
            "owner_id": "517716713836",
            "revoke_rules_on_delete": false,
            "tags": {
              "Name": "random-autoscale-security-group",
              "name": "njoshi02",
              "vendor": "CrowdStrike"
            },
            "tags_all": {
              "Name": "random-autoscale-security-group",
              "name": "njoshi02",
              "vendor": "CrowdStrike"
            },
            "timeouts": {
              "create": "10m",
              "delete": "15m"
            },
            "vpc_id": "vpc-098a7f677075f1c06"
          },
          "sensitive_attributes": [],
          "private": "eyJlMmJmYjczMC1lY2FhLTExZTYtOGY4OC0zNDM2M2JjN2M0YzAiOnsiY3JlYXRlIjo2MDAwMDAwMDAwMDAsImRlbGV0ZSI6OTAwMDAwMDAwMDAwfSwic2NoZW1hX3ZlcnNpb24iOiIxIn0=",
          "dependencies": [
            "module.vpc.aws_vpc.this"
          ],
          "create_before_destroy": true
        }
      ]
    },
    {
      "module": "module.ecs_cluster",
      "mode": "managed",
      "type": "aws_cloudwatch_log_group",
      "name": "this",
      "provider": "provider[\"registry.terraform.io/hashicorp/aws\"]",
      "instances": [
        {
          "index_key": 0,
          "schema_version": 0,
          "attributes": {
            "arn": "arn:aws:logs:eu-west-1:517716713836:log-group:/aws/ecs/random-ecs-ec2-cluster",
            "id": "/aws/ecs/random-ecs-ec2-cluster",
            "kms_key_id": "",
            "log_group_class": "STANDARD",
            "name": "/aws/ecs/random-ecs-ec2-cluster",
            "name_prefix": "",
            "retention_in_days": 90,
            "skip_destroy": false,
            "tags": {
              "name": "njoshi02",
              "vendor": "CrowdStrike"
            },
            "tags_all": {
              "name": "njoshi02",
              "vendor": "CrowdStrike"
            }
          },
          "sensitive_attributes": [],
          "private": "bnVsbA=="
        }
      ]
    },
    {
      "module": "module.ecs_cluster",
      "mode": "managed",
      "type": "aws_ecs_capacity_provider",
      "name": "this",
      "provider": "provider[\"registry.terraform.io/hashicorp/aws\"]",
      "instances": [
        {
          "index_key": "ex_1",
          "schema_version": 0,
          "attributes": {
            "arn": "arn:aws:ecs:eu-west-1:517716713836:capacity-provider/ex_1",
            "auto_scaling_group_provider": [
              {
                "auto_scaling_group_arn": "arn:aws:autoscaling:eu-west-1:517716713836:autoScalingGroup:d7cc946d-c984-47bd-a26d-71d88732d2d7:autoScalingGroupName/random-ecs-ex_1-20240209173523048800000019",
                "managed_draining": "ENABLED",
                "managed_scaling": [
                  {
                    "instance_warmup_period": 0,
                    "maximum_scaling_step_size": 2,
                    "minimum_scaling_step_size": 1,
                    "status": "ENABLED",
                    "target_capacity": 2
                  }
                ],
                "managed_termination_protection": "ENABLED"
              }
            ],
            "id": "arn:aws:ecs:eu-west-1:517716713836:capacity-provider/ex_1",
            "name": "ex_1",
            "tags": {
              "name": "njoshi02",
              "vendor": "CrowdStrike"
            },
            "tags_all": {
              "name": "njoshi02",
              "vendor": "CrowdStrike"
            }
          },
          "sensitive_attributes": [],
          "private": "bnVsbA==",
          "dependencies": [
            "data.aws_availability_zones.available",
            "data.aws_ssm_parameter.ecs_optimized_ami",
            "module.autoscaling.aws_autoscaling_group.idc",
            "module.autoscaling.aws_autoscaling_group.this",
            "module.autoscaling.aws_iam_instance_profile.this",
            "module.autoscaling.aws_iam_role.this",
            "module.autoscaling.aws_launch_template.this",
            "module.autoscaling.data.aws_default_tags.current",
            "module.autoscaling.data.aws_iam_policy_document.assume_role_policy",
            "module.autoscaling.data.aws_partition.current",
            "module.autoscaling_sg.aws_security_group.this",
            "module.autoscaling_sg.aws_security_group.this_name_prefix",
            "module.vpc.aws_subnet.private",
            "module.vpc.aws_vpc.this",
            "module.vpc.aws_vpc_ipv4_cidr_block_association.this"
          ]
        },
        {
          "index_key": "ex_2",
          "schema_version": 0,
          "attributes": {
            "arn": "arn:aws:ecs:eu-west-1:517716713836:capacity-provider/ex_2",
            "auto_scaling_group_provider": [
              {
                "auto_scaling_group_arn": "arn:aws:autoscaling:eu-west-1:517716713836:autoScalingGroup:7742be79-7780-4072-a819-62a8c9a58fb9:autoScalingGroupName/random-ecs-ex_2-20240209173523048500000018",
                "managed_draining": "ENABLED",
                "managed_scaling": [
                  {
                    "instance_warmup_period": 0,
                    "maximum_scaling_step_size": 2,
                    "minimum_scaling_step_size": 1,
                    "status": "ENABLED",
                    "target_capacity": 2
                  }
                ],
                "managed_termination_protection": "ENABLED"
              }
            ],
            "id": "arn:aws:ecs:eu-west-1:517716713836:capacity-provider/ex_2",
            "name": "ex_2",
            "tags": {
              "name": "njoshi02",
              "vendor": "CrowdStrike"
            },
            "tags_all": {
              "name": "njoshi02",
              "vendor": "CrowdStrike"
            }
          },
          "sensitive_attributes": [],
          "private": "bnVsbA==",
          "dependencies": [
            "data.aws_availability_zones.available",
            "data.aws_ssm_parameter.ecs_optimized_ami",
            "module.autoscaling.aws_autoscaling_group.idc",
            "module.autoscaling.aws_autoscaling_group.this",
            "module.autoscaling.aws_iam_instance_profile.this",
            "module.autoscaling.aws_iam_role.this",
            "module.autoscaling.aws_launch_template.this",
            "module.autoscaling.data.aws_default_tags.current",
            "module.autoscaling.data.aws_iam_policy_document.assume_role_policy",
            "module.autoscaling.data.aws_partition.current",
            "module.autoscaling_sg.aws_security_group.this",
            "module.autoscaling_sg.aws_security_group.this_name_prefix",
            "module.vpc.aws_subnet.private",
            "module.vpc.aws_vpc.this",
            "module.vpc.aws_vpc_ipv4_cidr_block_association.this"
          ]
        }
      ]
    },
    {
      "module": "module.ecs_cluster",
      "mode": "managed",
      "type": "aws_ecs_cluster",
      "name": "this",
      "provider": "provider[\"registry.terraform.io/hashicorp/aws\"]",
      "instances": [
        {
          "index_key": 0,
          "schema_version": 0,
          "attributes": {
            "arn": "arn:aws:ecs:eu-west-1:517716713836:cluster/random-ecs-ec2-cluster",
            "configuration": [
              {
                "execute_command_configuration": [
                  {
                    "kms_key_id": "",
                    "log_configuration": [],
                    "logging": "DEFAULT"
                  }
                ]
              }
            ],
            "id": "arn:aws:ecs:eu-west-1:517716713836:cluster/random-ecs-ec2-cluster",
            "name": "random-ecs-ec2-cluster",
            "service_connect_defaults": [],
            "setting": [
              {
                "name": "containerInsights",
                "value": "enabled"
              }
            ],
            "tags": {
              "name": "njoshi02",
              "vendor": "CrowdStrike"
            },
            "tags_all": {
              "name": "njoshi02",
              "vendor": "CrowdStrike"
            }
          },
          "sensitive_attributes": [],
          "private": "bnVsbA==",
          "dependencies": [
            "module.ecs_cluster.aws_cloudwatch_log_group.this"
          ]
        }
      ]
    },
    {
      "module": "module.ecs_service",
      "mode": "data",
      "type": "aws_caller_identity",
      "name": "current",
      "provider": "provider[\"registry.terraform.io/hashicorp/aws\"]",
      "instances": [
        {
          "schema_version": 0,
          "attributes": {
            "account_id": "517716713836",
            "arn": "arn:aws:iam::517716713836:user/osdCcsAdmin",
            "id": "517716713836",
            "user_id": "AIDAXRCSSEFWP4CHP7SSP"
          },
          "sensitive_attributes": []
        }
      ]
    },
    {
      "module": "module.ecs_service",
      "mode": "data",
      "type": "aws_ecs_task_definition",
      "name": "this",
      "provider": "provider[\"registry.terraform.io/hashicorp/aws\"]",
      "instances": [
        {
          "index_key": 0,
          "schema_version": 0,
          "attributes": {
            "arn": "arn:aws:ecs:eu-west-1:517716713836:task-definition/random-ecs-service:6",
            "arn_without_revision": "arn:aws:ecs:eu-west-1:517716713836:task-definition/random-ecs-service",
            "execution_role_arn": "arn:aws:iam::517716713836:role/random-ecs-service-20240209173508775400000004",
            "family": "random-ecs-service",
            "id": "arn:aws:ecs:eu-west-1:517716713836:task-definition/random-ecs-service:6",
            "network_mode": "awsvpc",
            "revision": 6,
            "status": "ACTIVE",
            "task_definition": "random-ecs-service",
            "task_role_arn": "arn:aws:iam::517716713836:role/random-ecs-service-20240209173508775200000003"
          },
          "sensitive_attributes": []
        }
      ]
    },
    {
      "module": "module.ecs_service",
      "mode": "data",
      "type": "aws_iam_policy_document",
      "name": "task_exec_assume",
      "provider": "provider[\"registry.terraform.io/hashicorp/aws\"]",
      "instances": [
        {
          "index_key": 0,
          "schema_version": 0,
          "attributes": {
            "id": "2291109037",
            "json": "{\n  \"Version\": \"2012-10-17\",\n  \"Statement\": [\n    {\n      \"Sid\": \"ECSTaskExecutionAssumeRole\",\n      \"Effect\": \"Allow\",\n      \"Action\": \"sts:AssumeRole\",\n      \"Principal\": {\n        \"Service\": \"ecs-tasks.amazonaws.com\"\n      }\n    }\n  ]\n}",
            "override_policy_documents": null,
            "policy_id": null,
            "source_policy_documents": null,
            "statement": [
              {
                "actions": [
                  "sts:AssumeRole"
                ],
                "condition": [],
                "effect": "Allow",
                "not_actions": [],
                "not_principals": [],
                "not_resources": [],
                "principals": [
                  {
                    "identifiers": [
                      "ecs-tasks.amazonaws.com"
                    ],
                    "type": "Service"
                  }
                ],
                "resources": [],
                "sid": "ECSTaskExecutionAssumeRole"
              }
            ],
            "version": "2012-10-17"
          },
          "sensitive_attributes": []
        }
      ]
    },
    {
      "module": "module.ecs_service",
      "mode": "data",
      "type": "aws_iam_policy_document",
      "name": "tasks_assume",
      "provider": "provider[\"registry.terraform.io/hashicorp/aws\"]",
      "instances": [
        {
          "index_key": 0,
          "schema_version": 0,
          "attributes": {
            "id": "18579441",
            "json": "{\n  \"Version\": \"2012-10-17\",\n  \"Statement\": [\n    {\n      \"Sid\": \"ECSTasksAssumeRole\",\n      \"Effect\": \"Allow\",\n      \"Action\": \"sts:AssumeRole\",\n      \"Principal\": {\n        \"Service\": \"ecs-tasks.amazonaws.com\"\n      },\n      \"Condition\": {\n        \"ArnLike\": {\n          \"aws:SourceArn\": \"arn:aws:ecs:eu-west-1:517716713836:*\"\n        },\n        \"StringEquals\": {\n          \"aws:SourceAccount\": \"517716713836\"\n        }\n      }\n    }\n  ]\n}",
            "override_policy_documents": null,
            "policy_id": null,
            "source_policy_documents": null,
            "statement": [
              {
                "actions": [
                  "sts:AssumeRole"
                ],
                "condition": [
                  {
                    "test": "ArnLike",
                    "values": [
                      "arn:aws:ecs:eu-west-1:517716713836:*"
                    ],
                    "variable": "aws:SourceArn"
                  },
                  {
                    "test": "StringEquals",
                    "values": [
                      "517716713836"
                    ],
                    "variable": "aws:SourceAccount"
                  }
                ],
                "effect": "Allow",
                "not_actions": [],
                "not_principals": [],
                "not_resources": [],
                "principals": [
                  {
                    "identifiers": [
                      "ecs-tasks.amazonaws.com"
                    ],
                    "type": "Service"
                  }
                ],
                "resources": [],
                "sid": "ECSTasksAssumeRole"
              }
            ],
            "version": "2012-10-17"
          },
          "sensitive_attributes": []
        }
      ]
    },
    {
      "module": "module.ecs_service",
      "mode": "data",
      "type": "aws_partition",
      "name": "current",
      "provider": "provider[\"registry.terraform.io/hashicorp/aws\"]",
      "instances": [
        {
          "schema_version": 0,
          "attributes": {
            "dns_suffix": "amazonaws.com",
            "id": "aws",
            "partition": "aws",
            "reverse_dns_prefix": "com.amazonaws"
          },
          "sensitive_attributes": []
        }
      ]
    },
    {
      "module": "module.ecs_service",
      "mode": "data",
      "type": "aws_region",
      "name": "current",
      "provider": "provider[\"registry.terraform.io/hashicorp/aws\"]",
      "instances": [
        {
          "schema_version": 0,
          "attributes": {
            "description": "Europe (Ireland)",
            "endpoint": "ec2.eu-west-1.amazonaws.com",
            "id": "eu-west-1",
            "name": "eu-west-1"
          },
          "sensitive_attributes": []
        }
      ]
    },
    {
      "module": "module.ecs_service",
      "mode": "data",
      "type": "aws_subnet",
      "name": "this",
      "provider": "provider[\"registry.terraform.io/hashicorp/aws\"]",
      "instances": [
        {
          "index_key": 0,
          "schema_version": 0,
          "attributes": {
            "arn": "arn:aws:ec2:eu-west-1:517716713836:subnet/subnet-0613324197d1c99b1",
            "assign_ipv6_address_on_creation": false,
            "availability_zone": "eu-west-1a",
            "availability_zone_id": "euw1-az3",
            "available_ip_address_count": 4088,
            "cidr_block": "10.0.0.0/20",
            "customer_owned_ipv4_pool": "",
            "default_for_az": false,
            "enable_dns64": false,
            "enable_lni_at_device_index": 0,
            "enable_resource_name_dns_a_record_on_launch": false,
            "enable_resource_name_dns_aaaa_record_on_launch": false,
            "filter": null,
            "id": "subnet-0613324197d1c99b1",
            "ipv6_cidr_block": "",
            "ipv6_cidr_block_association_id": "",
            "ipv6_native": false,
            "map_customer_owned_ip_on_launch": false,
            "map_public_ip_on_launch": false,
            "outpost_arn": "",
            "owner_id": "517716713836",
            "private_dns_hostname_type_on_launch": "ip-name",
            "state": "available",
            "tags": {
              "Name": "random-vpc-private-eu-west-1a",
              "name": "njoshi02",
              "vendor": "CrowdStrike"
            },
            "timeouts": null,
            "vpc_id": "vpc-098a7f677075f1c06"
          },
          "sensitive_attributes": []
        }
      ]
    },
    {
      "module": "module.ecs_service",
      "mode": "managed",
      "type": "aws_ecs_service",
      "name": "this",
      "provider": "provider[\"registry.terraform.io/hashicorp/aws\"]",
      "instances": [
        {
          "index_key": 0,
          "schema_version": 0,
          "attributes": {
            "alarms": [],
            "capacity_provider_strategy": [
              {
                "base": 0,
                "capacity_provider": "ex_2",
                "weight": 1
              },
              {
                "base": 1,
                "capacity_provider": "ex_1",
                "weight": 1
              }
            ],
            "cluster": "arn:aws:ecs:eu-west-1:517716713836:cluster/random-ecs-ec2-cluster",
            "deployment_circuit_breaker": [
              {
                "enable": false,
                "rollback": false
              }
            ],
            "deployment_controller": [
              {
                "type": "ECS"
              }
            ],
            "deployment_maximum_percent": 200,
            "deployment_minimum_healthy_percent": 66,
            "desired_count": 1,
            "enable_ecs_managed_tags": true,
            "enable_execute_command": false,
            "force_new_deployment": true,
            "health_check_grace_period_seconds": 0,
            "iam_role": "/aws-service-role/ecs.amazonaws.com/AWSServiceRoleForECS",
            "id": "arn:aws:ecs:eu-west-1:517716713836:service/random-ecs-ec2-cluster/random-ecs-service",
            "launch_type": "",
            "load_balancer": [
              {
                "container_name": "ecs-sample",
                "container_port": 80,
                "elb_name": "",
                "target_group_arn": "arn:aws:elasticloadbalancing:eu-west-1:517716713836:targetgroup/tf-20240209173521203200000011/a85eb8c5a57866d4"
              }
            ],
            "name": "random-ecs-service",
            "network_configuration": [
              {
                "assign_public_ip": false,
                "security_groups": [
                  "sg-0103128a84d983e8e"
                ],
                "subnets": [
                  "subnet-0613324197d1c99b1",
                  "subnet-06c2558eaeb752e80",
                  "subnet-06cc5d47efef24428"
                ]
              }
            ],
            "ordered_placement_strategy": [],
            "placement_constraints": [],
            "platform_version": "",
            "propagate_tags": "NONE",
            "scheduling_strategy": "REPLICA",
            "service_connect_configuration": [],
            "service_registries": [],
            "tags": {
              "name": "njoshi02",
              "vendor": "CrowdStrike"
            },
            "tags_all": {
              "name": "njoshi02",
              "vendor": "CrowdStrike"
            },
            "task_definition": "random-ecs-service:6",
            "timeouts": {
              "create": null,
              "delete": "2m",
              "update": null
            },
            "triggers": {},
            "wait_for_steady_state": false
          },
          "sensitive_attributes": [],
          "private": "eyJlMmJmYjczMC1lY2FhLTExZTYtOGY4OC0zNDM2M2JjN2M0YzAiOnsiY3JlYXRlIjoxMjAwMDAwMDAwMDAwLCJkZWxldGUiOjEyMDAwMDAwMDAwMCwidXBkYXRlIjoxMjAwMDAwMDAwMDAwfX0=",
          "dependencies": [
            "data.aws_availability_zones.available",
            "data.aws_ssm_parameter.ecs_optimized_ami",
            "module.alb.aws_lb_target_group.this",
            "module.autoscaling.aws_autoscaling_group.idc",
            "module.autoscaling.aws_autoscaling_group.this",
            "module.autoscaling.aws_iam_instance_profile.this",
            "module.autoscaling.aws_iam_role.this",
            "module.autoscaling.aws_launch_template.this",
            "module.autoscaling.data.aws_default_tags.current",
            "module.autoscaling.data.aws_iam_policy_document.assume_role_policy",
            "module.autoscaling.data.aws_partition.current",
            "module.autoscaling_sg.aws_security_group.this",
            "module.autoscaling_sg.aws_security_group.this_name_prefix",
            "module.ecs_cluster.aws_cloudwatch_log_group.this",
            "module.ecs_cluster.aws_ecs_capacity_provider.this",
            "module.ecs_cluster.aws_ecs_cluster.this",
            "module.ecs_service.aws_ecs_task_definition.this",
            "module.ecs_service.aws_iam_policy.service",
            "module.ecs_service.aws_iam_role.service",
            "module.ecs_service.aws_iam_role.task_exec",
            "module.ecs_service.aws_iam_role.tasks",
            "module.ecs_service.aws_iam_role_policy_attachment.service",
            "module.ecs_service.aws_security_group.this",
            "module.ecs_service.data.aws_caller_identity.current",
            "module.ecs_service.data.aws_ecs_task_definition.this",
            "module.ecs_service.data.aws_iam_policy_document.service",
            "module.ecs_service.data.aws_iam_policy_document.service_assume",
            "module.ecs_service.data.aws_iam_policy_document.task_exec_assume",
            "module.ecs_service.data.aws_iam_policy_document.tasks_assume",
            "module.ecs_service.data.aws_partition.current",
            "module.ecs_service.data.aws_region.current",
            "module.ecs_service.data.aws_subnet.this",
            "module.ecs_service.module.container_definition.aws_cloudwatch_log_group.this",
            "module.ecs_service.module.container_definition.data.aws_region.current",
            "module.vpc.aws_subnet.private",
            "module.vpc.aws_vpc.this",
            "module.vpc.aws_vpc_ipv4_cidr_block_association.this"
          ]
        }
      ]
    },
    {
      "module": "module.ecs_service",
      "mode": "managed",
      "type": "aws_ecs_task_definition",
      "name": "this",
      "provider": "provider[\"registry.terraform.io/hashicorp/aws\"]",
      "instances": [
        {
          "index_key": 0,
          "schema_version": 1,
          "attributes": {
            "arn": "arn:aws:ecs:eu-west-1:517716713836:task-definition/random-ecs-service:6",
            "arn_without_revision": "arn:aws:ecs:eu-west-1:517716713836:task-definition/random-ecs-service",
            "container_definitions": "[{\"cpu\":0,\"environment\":[],\"essential\":true,\"image\":\"public.ecr.aws/ecs-sample-image/amazon-ecs-sample:latest\",\"interactive\":false,\"linuxParameters\":{\"initProcessEnabled\":false},\"logConfiguration\":{\"logDriver\":\"awslogs\",\"options\":{\"awslogs-group\":\"/aws/ecs/random-ecs-service/ecs-sample\",\"awslogs-region\":\"eu-west-1\",\"awslogs-stream-prefix\":\"ecs\"}},\"mountPoints\":[{\"containerPath\":\"/var/www/my-vol\",\"sourceVolume\":\"my-vol\"}],\"name\":\"ecs-sample\",\"portMappings\":[{\"containerPort\":80,\"hostPort\":80,\"name\":\"ecs-sample\",\"protocol\":\"tcp\"}],\"privileged\":false,\"pseudoTerminal\":false,\"readonlyRootFilesystem\":false,\"startTimeout\":30,\"stopTimeout\":120,\"user\":\"0\",\"volumesFrom\":[]}]",
            "cpu": "1024",
            "ephemeral_storage": [],
            "execution_role_arn": "arn:aws:iam::517716713836:role/random-ecs-service-20240209173508775400000004",
            "family": "random-ecs-service",
            "id": "random-ecs-service",
            "inference_accelerator": [],
            "ipc_mode": "",
            "memory": "2048",
            "network_mode": "awsvpc",
            "pid_mode": "",
            "placement_constraints": [],
            "proxy_configuration": [],
            "requires_compatibilities": [
              "EC2"
            ],
            "revision": 6,
            "runtime_platform": [
              {
                "cpu_architecture": "X86_64",
                "operating_system_family": "LINUX"
              }
            ],
            "skip_destroy": false,
            "tags": {
              "name": "njoshi02",
              "vendor": "CrowdStrike"
            },
            "tags_all": {
              "name": "njoshi02",
              "vendor": "CrowdStrike"
            },
            "task_role_arn": "arn:aws:iam::517716713836:role/random-ecs-service-20240209173508775200000003",
            "volume": [
              {
                "docker_volume_configuration": [],
                "efs_volume_configuration": [],
                "fsx_windows_file_server_volume_configuration": [],
                "host_path": "",
                "name": "my-vol"
              }
            ]
          },
          "sensitive_attributes": [],
          "private": "eyJzY2hlbWFfdmVyc2lvbiI6IjEifQ==",
          "dependencies": [
            "module.ecs_service.aws_iam_role.task_exec",
            "module.ecs_service.aws_iam_role.tasks",
            "module.ecs_service.data.aws_caller_identity.current",
            "module.ecs_service.data.aws_iam_policy_document.task_exec_assume",
            "module.ecs_service.data.aws_iam_policy_document.tasks_assume",
            "module.ecs_service.data.aws_partition.current",
            "module.ecs_service.data.aws_region.current",
            "module.ecs_service.module.container_definition.aws_cloudwatch_log_group.this",
            "module.ecs_service.module.container_definition.data.aws_region.current"
          ],
          "create_before_destroy": true
        }
      ]
    },
    {
      "module": "module.ecs_service",
      "mode": "managed",
      "type": "aws_iam_role",
      "name": "task_exec",
      "provider": "provider[\"registry.terraform.io/hashicorp/aws\"]",
      "instances": [
        {
          "index_key": 0,
          "schema_version": 0,
          "attributes": {
            "arn": "arn:aws:iam::517716713836:role/random-ecs-service-20240209173508775400000004",
            "assume_role_policy": "{\"Statement\":[{\"Action\":\"sts:AssumeRole\",\"Effect\":\"Allow\",\"Principal\":{\"Service\":\"ecs-tasks.amazonaws.com\"},\"Sid\":\"ECSTaskExecutionAssumeRole\"}],\"Version\":\"2012-10-17\"}",
            "create_date": "2024-02-09T17:35:09Z",
            "description": "Task execution role for random-ecs-service",
            "force_detach_policies": true,
            "id": "random-ecs-service-20240209173508775400000004",
            "inline_policy": [],
            "managed_policy_arns": [
              "arn:aws:iam::517716713836:policy/random-ecs-service-20240209173508775100000001"
            ],
            "max_session_duration": 3600,
            "name": "random-ecs-service-20240209173508775400000004",
            "name_prefix": "random-ecs-service-",
            "path": "/",
            "permissions_boundary": "",
            "tags": {
              "name": "njoshi02",
              "vendor": "CrowdStrike"
            },
            "tags_all": {
              "name": "njoshi02",
              "vendor": "CrowdStrike"
            },
            "unique_id": "AROAXRCSSEFWLWBWJKMCX"
          },
          "sensitive_attributes": [],
          "private": "bnVsbA==",
          "dependencies": [
            "module.ecs_service.data.aws_iam_policy_document.task_exec_assume"
          ],
          "create_before_destroy": true
        }
      ]
    },
    {
      "module": "module.ecs_service",
      "mode": "managed",
      "type": "aws_iam_role",
      "name": "tasks",
      "provider": "provider[\"registry.terraform.io/hashicorp/aws\"]",
      "instances": [
        {
          "index_key": 0,
          "schema_version": 0,
          "attributes": {
            "arn": "arn:aws:iam::517716713836:role/random-ecs-service-20240209173508775200000003",
            "assume_role_policy": "{\"Statement\":[{\"Action\":\"sts:AssumeRole\",\"Condition\":{\"ArnLike\":{\"aws:SourceArn\":\"arn:aws:ecs:eu-west-1:517716713836:*\"},\"StringEquals\":{\"aws:SourceAccount\":\"517716713836\"}},\"Effect\":\"Allow\",\"Principal\":{\"Service\":\"ecs-tasks.amazonaws.com\"},\"Sid\":\"ECSTasksAssumeRole\"}],\"Version\":\"2012-10-17\"}",
            "create_date": "2024-02-09T17:35:09Z",
            "description": "",
            "force_detach_policies": true,
            "id": "random-ecs-service-20240209173508775200000003",
            "inline_policy": [],
            "managed_policy_arns": [],
            "max_session_duration": 3600,
            "name": "random-ecs-service-20240209173508775200000003",
            "name_prefix": "random-ecs-service-",
            "path": "/",
            "permissions_boundary": "",
            "tags": {
              "name": "njoshi02",
              "vendor": "CrowdStrike"
            },
            "tags_all": {
              "name": "njoshi02",
              "vendor": "CrowdStrike"
            },
            "unique_id": "AROAXRCSSEFWEOXIUNPXN"
          },
          "sensitive_attributes": [],
          "private": "bnVsbA==",
          "dependencies": [
            "module.ecs_service.data.aws_caller_identity.current",
            "module.ecs_service.data.aws_iam_policy_document.tasks_assume",
            "module.ecs_service.data.aws_partition.current",
            "module.ecs_service.data.aws_region.current"
          ],
          "create_before_destroy": true
        }
      ]
    },
    {
      "module": "module.ecs_service",
      "mode": "managed",
      "type": "aws_security_group",
      "name": "this",
      "provider": "provider[\"registry.terraform.io/hashicorp/aws\"]",
      "instances": [
        {
          "index_key": 0,
          "schema_version": 1,
          "attributes": {
            "arn": "arn:aws:ec2:eu-west-1:517716713836:security-group/sg-0103128a84d983e8e",
            "description": "Managed by Terraform",
            "egress": [],
            "id": "sg-0103128a84d983e8e",
            "ingress": [
              {
                "cidr_blocks": [],
                "description": "Service port",
                "from_port": 80,
                "ipv6_cidr_blocks": [],
                "prefix_list_ids": [],
                "protocol": "tcp",
                "security_groups": [
                  "sg-0f115fa3a0018b0d4"
                ],
                "self": false,
                "to_port": 80
              }
            ],
            "name": "random-ecs-service-20240209173521697100000012",
            "name_prefix": "random-ecs-service-",
            "owner_id": "517716713836",
            "revoke_rules_on_delete": false,
            "tags": {
              "name": "njoshi02",
              "vendor": "CrowdStrike"
            },
            "tags_all": {
              "name": "njoshi02",
              "vendor": "CrowdStrike"
            },
            "timeouts": null,
            "vpc_id": "vpc-098a7f677075f1c06"
          },
          "sensitive_attributes": [],
          "private": "eyJlMmJmYjczMC1lY2FhLTExZTYtOGY4OC0zNDM2M2JjN2M0YzAiOnsiY3JlYXRlIjo2MDAwMDAwMDAwMDAsImRlbGV0ZSI6OTAwMDAwMDAwMDAwfSwic2NoZW1hX3ZlcnNpb24iOiIxIn0=",
          "dependencies": [
            "data.aws_availability_zones.available",
            "module.ecs_service.data.aws_subnet.this",
            "module.vpc.aws_subnet.private",
            "module.vpc.aws_vpc.this",
            "module.vpc.aws_vpc_ipv4_cidr_block_association.this"
          ],
          "create_before_destroy": true
        }
      ]
    },
    {
      "module": "module.ecs_service.module.container_definition[\"ecs-sample\"]",
      "mode": "data",
      "type": "aws_region",
      "name": "current",
      "provider": "provider[\"registry.terraform.io/hashicorp/aws\"]",
      "instances": [
        {
          "schema_version": 0,
          "attributes": {
            "description": "Europe (Ireland)",
            "endpoint": "ec2.eu-west-1.amazonaws.com",
            "id": "eu-west-1",
            "name": "eu-west-1"
          },
          "sensitive_attributes": []
        }
      ]
    },
    {
      "module": "module.ecs_service.module.container_definition[\"ecs-sample\"]",
      "mode": "managed",
      "type": "aws_cloudwatch_log_group",
      "name": "this",
      "provider": "provider[\"registry.terraform.io/hashicorp/aws\"]",
      "instances": [
        {
          "index_key": 0,
          "schema_version": 0,
          "attributes": {
            "arn": "arn:aws:logs:eu-west-1:517716713836:log-group:/aws/ecs/random-ecs-service/ecs-sample",
            "id": "/aws/ecs/random-ecs-service/ecs-sample",
            "kms_key_id": "",
            "log_group_class": "STANDARD",
            "name": "/aws/ecs/random-ecs-service/ecs-sample",
            "name_prefix": "",
            "retention_in_days": 14,
            "skip_destroy": false,
            "tags": {
              "name": "njoshi02",
              "vendor": "CrowdStrike"
            },
            "tags_all": {
              "name": "njoshi02",
              "vendor": "CrowdStrike"
            }
          },
          "sensitive_attributes": [],
          "private": "bnVsbA==",
          "create_before_destroy": true
        }
      ]
    },
    {
      "module": "module.vpc",
      "mode": "managed",
      "type": "aws_subnet",
      "name": "private",
      "provider": "provider[\"registry.terraform.io/hashicorp/aws\"]",
      "instances": [
        {
          "index_key": 0,
          "schema_version": 1,
          "attributes": {
            "arn": "arn:aws:ec2:eu-west-1:517716713836:subnet/subnet-0613324197d1c99b1",
            "assign_ipv6_address_on_creation": false,
            "availability_zone": "eu-west-1a",
            "availability_zone_id": "euw1-az3",
            "cidr_block": "10.0.0.0/20",
            "customer_owned_ipv4_pool": "",
            "enable_dns64": false,
            "enable_lni_at_device_index": 0,
            "enable_resource_name_dns_a_record_on_launch": false,
            "enable_resource_name_dns_aaaa_record_on_launch": false,
            "id": "subnet-0613324197d1c99b1",
            "ipv6_cidr_block": "",
            "ipv6_cidr_block_association_id": "",
            "ipv6_native": false,
            "map_customer_owned_ip_on_launch": false,
            "map_public_ip_on_launch": false,
            "outpost_arn": "",
            "owner_id": "517716713836",
            "private_dns_hostname_type_on_launch": "ip-name",
            "tags": {
              "Name": "random-vpc-private-eu-west-1a",
              "name": "njoshi02",
              "vendor": "CrowdStrike"
            },
            "tags_all": {
              "Name": "random-vpc-private-eu-west-1a",
              "name": "njoshi02",
              "vendor": "CrowdStrike"
            },
            "timeouts": null,
            "vpc_id": "vpc-098a7f677075f1c06"
          },
          "sensitive_attributes": [],
          "private": "eyJlMmJmYjczMC1lY2FhLTExZTYtOGY4OC0zNDM2M2JjN2M0YzAiOnsiY3JlYXRlIjo2MDAwMDAwMDAwMDAsImRlbGV0ZSI6MTIwMDAwMDAwMDAwMH0sInNjaGVtYV92ZXJzaW9uIjoiMSJ9",
          "dependencies": [
            "data.aws_availability_zones.available",
            "module.vpc.aws_vpc.this",
            "module.vpc.aws_vpc_ipv4_cidr_block_association.this"
          ],
          "create_before_destroy": true
        },
        {
          "index_key": 1,
          "schema_version": 1,
          "attributes": {
            "arn": "arn:aws:ec2:eu-west-1:517716713836:subnet/subnet-06cc5d47efef24428",
            "assign_ipv6_address_on_creation": false,
            "availability_zone": "eu-west-1b",
            "availability_zone_id": "euw1-az1",
            "cidr_block": "10.0.16.0/20",
            "customer_owned_ipv4_pool": "",
            "enable_dns64": false,
            "enable_lni_at_device_index": 0,
            "enable_resource_name_dns_a_record_on_launch": false,
            "enable_resource_name_dns_aaaa_record_on_launch": false,
            "id": "subnet-06cc5d47efef24428",
            "ipv6_cidr_block": "",
            "ipv6_cidr_block_association_id": "",
            "ipv6_native": false,
            "map_customer_owned_ip_on_launch": false,
            "map_public_ip_on_launch": false,
            "outpost_arn": "",
            "owner_id": "517716713836",
            "private_dns_hostname_type_on_launch": "ip-name",
            "tags": {
              "Name": "random-vpc-private-eu-west-1b",
              "name": "njoshi02",
              "vendor": "CrowdStrike"
            },
            "tags_all": {
              "Name": "random-vpc-private-eu-west-1b",
              "name": "njoshi02",
              "vendor": "CrowdStrike"
            },
            "timeouts": null,
            "vpc_id": "vpc-098a7f677075f1c06"
          },
          "sensitive_attributes": [],
          "private": "eyJlMmJmYjczMC1lY2FhLTExZTYtOGY4OC0zNDM2M2JjN2M0YzAiOnsiY3JlYXRlIjo2MDAwMDAwMDAwMDAsImRlbGV0ZSI6MTIwMDAwMDAwMDAwMH0sInNjaGVtYV92ZXJzaW9uIjoiMSJ9",
          "dependencies": [
            "data.aws_availability_zones.available",
            "module.vpc.aws_vpc.this",
            "module.vpc.aws_vpc_ipv4_cidr_block_association.this"
          ],
          "create_before_destroy": true
        },
        {
          "index_key": 2,
          "schema_version": 1,
          "attributes": {
            "arn": "arn:aws:ec2:eu-west-1:517716713836:subnet/subnet-06c2558eaeb752e80",
            "assign_ipv6_address_on_creation": false,
            "availability_zone": "eu-west-1c",
            "availability_zone_id": "euw1-az2",
            "cidr_block": "10.0.32.0/20",
            "customer_owned_ipv4_pool": "",
            "enable_dns64": false,
            "enable_lni_at_device_index": 0,
            "enable_resource_name_dns_a_record_on_launch": false,
            "enable_resource_name_dns_aaaa_record_on_launch": false,
            "id": "subnet-06c2558eaeb752e80",
            "ipv6_cidr_block": "",
            "ipv6_cidr_block_association_id": "",
            "ipv6_native": false,
            "map_customer_owned_ip_on_launch": false,
            "map_public_ip_on_launch": false,
            "outpost_arn": "",
            "owner_id": "517716713836",
            "private_dns_hostname_type_on_launch": "ip-name",
            "tags": {
              "Name": "random-vpc-private-eu-west-1c",
              "name": "njoshi02",
              "vendor": "CrowdStrike"
            },
            "tags_all": {
              "Name": "random-vpc-private-eu-west-1c",
              "name": "njoshi02",
              "vendor": "CrowdStrike"
            },
            "timeouts": null,
            "vpc_id": "vpc-098a7f677075f1c06"
          },
          "sensitive_attributes": [],
          "private": "eyJlMmJmYjczMC1lY2FhLTExZTYtOGY4OC0zNDM2M2JjN2M0YzAiOnsiY3JlYXRlIjo2MDAwMDAwMDAwMDAsImRlbGV0ZSI6MTIwMDAwMDAwMDAwMH0sInNjaGVtYV92ZXJzaW9uIjoiMSJ9",
          "dependencies": [
            "data.aws_availability_zones.available",
            "module.vpc.aws_vpc.this",
            "module.vpc.aws_vpc_ipv4_cidr_block_association.this"
          ],
          "create_before_destroy": true
        }
      ]
    },
    {
      "module": "module.vpc",
      "mode": "managed",
      "type": "aws_vpc",
      "name": "this",
      "provider": "provider[\"registry.terraform.io/hashicorp/aws\"]",
      "instances": [
        {
          "index_key": 0,
          "schema_version": 1,
          "attributes": {
            "arn": "arn:aws:ec2:eu-west-1:517716713836:vpc/vpc-098a7f677075f1c06",
            "assign_generated_ipv6_cidr_block": false,
            "cidr_block": "10.0.0.0/16",
            "default_network_acl_id": "acl-0aa7616c25d050c66",
            "default_route_table_id": "rtb-0fb36bbc6bf23e0d9",
            "default_security_group_id": "sg-0a12993c707fb6bf0",
            "dhcp_options_id": "dopt-1f0cad7b",
            "enable_dns_hostnames": true,
            "enable_dns_support": true,
            "enable_network_address_usage_metrics": false,
            "id": "vpc-098a7f677075f1c06",
            "instance_tenancy": "default",
            "ipv4_ipam_pool_id": null,
            "ipv4_netmask_length": null,
            "ipv6_association_id": "",
            "ipv6_cidr_block": "",
            "ipv6_cidr_block_network_border_group": "",
            "ipv6_ipam_pool_id": "",
            "ipv6_netmask_length": 0,
            "main_route_table_id": "rtb-0fb36bbc6bf23e0d9",
            "owner_id": "517716713836",
            "tags": {
              "Name": "random-vpc",
              "name": "njoshi02",
              "vendor": "CrowdStrike"
            },
            "tags_all": {
              "Name": "random-vpc",
              "name": "njoshi02",
              "vendor": "CrowdStrike"
            }
          },
          "sensitive_attributes": [],
          "private": "eyJzY2hlbWFfdmVyc2lvbiI6IjEifQ==",
          "create_before_destroy": true
        }
      ]
    }
  ],
  "check_results": null
}
