{
  "version": 4,
  "terraform_version": "1.4.6",
  "serial": 88,
  "lineage": "5e233a01-53fb-9360-cd3c-0ebf6c376d37",
  "outputs": {},
  "resources": [
    {
      "mode": "data",
      "type": "aws_availability_zones",
      "name": "available",
      "provider": "provider[\"registry.terraform.io/hashicorp/aws\"]",
      "instances": [
        {
          "schema_version": 0,
          "attributes": {
            "all_availability_zones": null,
            "exclude_names": null,
            "exclude_zone_ids": null,
            "filter": null,
            "group_names": [
              "eu-west-2"
            ],
            "id": "eu-west-2",
            "names": [
              "eu-west-2a",
              "eu-west-2b",
              "eu-west-2c"
            ],
            "state": null,
            "timeouts": null,
            "zone_ids": [
              "euw2-az2",
              "euw2-az3",
              "euw2-az1"
            ]
          },
          "sensitive_attributes": []
        }
      ]
    },
    {
      "mode": "data",
      "type": "aws_ssm_parameter",
      "name": "fluentbit",
      "provider": "provider[\"registry.terraform.io/hashicorp/aws\"]",
      "instances": [
        {
          "schema_version": 0,
          "attributes": {
            "arn": "arn:aws:ssm:eu-west-2::parameter/aws/service/aws-for-fluent-bit/stable",
            "id": "/aws/service/aws-for-fluent-bit/stable",
            "insecure_value": "906394416424.dkr.ecr.eu-west-2.amazonaws.com/aws-for-fluent-bit:2.31.12.20231011",
            "name": "/aws/service/aws-for-fluent-bit/stable",
            "type": "String",
            "value": "906394416424.dkr.ecr.eu-west-2.amazonaws.com/aws-for-fluent-bit:2.31.12.20231011",
            "version": 16,
            "with_decryption": true
          },
          "sensitive_attributes": []
        }
      ]
    },
    {
      "mode": "managed",
      "type": "aws_service_discovery_http_namespace",
      "name": "this",
      "provider": "provider[\"registry.terraform.io/hashicorp/aws\"]",
      "instances": [
        {
          "schema_version": 0,
          "attributes": {
            "arn": "arn:aws:servicediscovery:eu-west-2:517716713836:namespace/ns-b3yqy7vr3jfgvcth",
            "description": "CloudMap namespace for ex-fargate",
            "http_name": "ex-fargate",
            "id": "ns-b3yqy7vr3jfgvcth",
            "name": "ex-fargate",
            "tags": {
              "Example": "ex-fargate",
              "Name": "ex-fargate",
              "Repository": "https://github.com/terraform-aws-modules/terraform-aws-ecs"
            },
            "tags_all": {
              "Example": "ex-fargate",
              "Name": "ex-fargate",
              "Repository": "https://github.com/terraform-aws-modules/terraform-aws-ecs"
            }
          },
          "sensitive_attributes": [],
          "private": "bnVsbA=="
        }
      ]
    },
    {
      "module": "module.alb",
      "mode": "managed",
      "type": "aws_lb_target_group",
      "name": "this",
      "provider": "provider[\"registry.terraform.io/hashicorp/aws\"]",
      "instances": [
        {
          "index_key": "ex_ecs",
          "schema_version": 0,
          "attributes": {
            "arn": "arn:aws:elasticloadbalancing:eu-west-2:517716713836:targetgroup/tf-2024021009322761350000000a/538e9b470e9cd8e0",
            "arn_suffix": "targetgroup/tf-2024021009322761350000000a/538e9b470e9cd8e0",
            "connection_termination": null,
            "deregistration_delay": "5",
            "health_check": [
              {
                "enabled": true,
                "healthy_threshold": 5,
                "interval": 30,
                "matcher": "200",
                "path": "/",
                "port": "traffic-port",
                "protocol": "HTTP",
                "timeout": 5,
                "unhealthy_threshold": 2
              }
            ],
            "id": "arn:aws:elasticloadbalancing:eu-west-2:517716713836:targetgroup/tf-2024021009322761350000000a/538e9b470e9cd8e0",
            "ip_address_type": "ipv4",
            "lambda_multi_value_headers_enabled": false,
            "load_balancing_algorithm_type": "round_robin",
            "load_balancing_anomaly_mitigation": "off",
            "load_balancing_cross_zone_enabled": "true",
            "name": "tf-2024021009322761350000000a",
            "name_prefix": "tf-",
            "port": 80,
            "preserve_client_ip": null,
            "protocol": "HTTP",
            "protocol_version": "HTTP1",
            "proxy_protocol_v2": false,
            "slow_start": 0,
            "stickiness": [
              {
                "cookie_duration": 86400,
                "cookie_name": "",
                "enabled": false,
                "type": "lb_cookie"
              }
            ],
            "tags": {
              "Example": "ex-fargate",
              "Name": "ex-fargate",
              "Repository": "https://github.com/terraform-aws-modules/terraform-aws-ecs",
              "terraform-aws-modules": "alb"
            },
            "tags_all": {
              "Example": "ex-fargate",
              "Name": "ex-fargate",
              "Repository": "https://github.com/terraform-aws-modules/terraform-aws-ecs",
              "terraform-aws-modules": "alb"
            },
            "target_failover": [
              {
                "on_deregistration": null,
                "on_unhealthy": null
              }
            ],
            "target_health_state": [
              {
                "enable_unhealthy_connection_termination": null
              }
            ],
            "target_type": "ip",
            "vpc_id": "vpc-0720376b818bed70c"
          },
          "sensitive_attributes": [],
          "private": "bnVsbA==",
          "dependencies": [
            "module.vpc.aws_vpc.this"
          ],
          "create_before_destroy": true
        }
      ]
    },
    {
      "module": "module.ecs_cluster",
      "mode": "managed",
      "type": "aws_cloudwatch_log_group",
      "name": "this",
      "provider": "provider[\"registry.terraform.io/hashicorp/aws\"]",
      "instances": [
        {
          "index_key": 0,
          "schema_version": 0,
          "attributes": {
            "arn": "arn:aws:logs:eu-west-2:517716713836:log-group:/aws/ecs/ex-fargate",
            "id": "/aws/ecs/ex-fargate",
            "kms_key_id": "",
            "log_group_class": "STANDARD",
            "name": "/aws/ecs/ex-fargate",
            "name_prefix": "",
            "retention_in_days": 90,
            "skip_destroy": false,
            "tags": {
              "Example": "ex-fargate",
              "Name": "ex-fargate",
              "Repository": "https://github.com/terraform-aws-modules/terraform-aws-ecs"
            },
            "tags_all": {
              "Example": "ex-fargate",
              "Name": "ex-fargate",
              "Repository": "https://github.com/terraform-aws-modules/terraform-aws-ecs"
            }
          },
          "sensitive_attributes": [],
          "private": "bnVsbA=="
        }
      ]
    },
    {
      "module": "module.ecs_cluster",
      "mode": "managed",
      "type": "aws_ecs_cluster",
      "name": "this",
      "provider": "provider[\"registry.terraform.io/hashicorp/aws\"]",
      "instances": [
        {
          "index_key": 0,
          "schema_version": 0,
          "attributes": {
            "arn": "arn:aws:ecs:eu-west-2:517716713836:cluster/ex-fargate",
            "configuration": [
              {
                "execute_command_configuration": [
                  {
                    "kms_key_id": "",
                    "log_configuration": [],
                    "logging": "DEFAULT"
                  }
                ]
              }
            ],
            "id": "arn:aws:ecs:eu-west-2:517716713836:cluster/ex-fargate",
            "name": "ex-fargate",
            "service_connect_defaults": [],
            "setting": [
              {
                "name": "containerInsights",
                "value": "enabled"
              }
            ],
            "tags": {
              "Example": "ex-fargate",
              "Name": "ex-fargate",
              "Repository": "https://github.com/terraform-aws-modules/terraform-aws-ecs"
            },
            "tags_all": {
              "Example": "ex-fargate",
              "Name": "ex-fargate",
              "Repository": "https://github.com/terraform-aws-modules/terraform-aws-ecs"
            }
          },
          "sensitive_attributes": [],
          "private": "bnVsbA==",
          "dependencies": [
            "module.ecs_cluster.aws_cloudwatch_log_group.this"
          ]
        }
      ]
    },
    {
      "module": "module.ecs_service",
      "mode": "data",
      "type": "aws_caller_identity",
      "name": "current",
      "provider": "provider[\"registry.terraform.io/hashicorp/aws\"]",
      "instances": [
        {
          "schema_version": 0,
          "attributes": {
            "account_id": "517716713836",
            "arn": "arn:aws:iam::517716713836:user/osdCcsAdmin",
            "id": "517716713836",
            "user_id": "AIDAXRCSSEFWP4CHP7SSP"
          },
          "sensitive_attributes": []
        }
      ]
    },
    {
      "module": "module.ecs_service",
      "mode": "data",
      "type": "aws_iam_policy_document",
      "name": "task_exec_assume",
      "provider": "provider[\"registry.terraform.io/hashicorp/aws\"]",
      "instances": [
        {
          "index_key": 0,
          "schema_version": 0,
          "attributes": {
            "id": "2291109037",
            "json": "{\n  \"Version\": \"2012-10-17\",\n  \"Statement\": [\n    {\n      \"Sid\": \"ECSTaskExecutionAssumeRole\",\n      \"Effect\": \"Allow\",\n      \"Action\": \"sts:AssumeRole\",\n      \"Principal\": {\n        \"Service\": \"ecs-tasks.amazonaws.com\"\n      }\n    }\n  ]\n}",
            "override_policy_documents": null,
            "policy_id": null,
            "source_policy_documents": null,
            "statement": [
              {
                "actions": [
                  "sts:AssumeRole"
                ],
                "condition": [],
                "effect": "Allow",
                "not_actions": [],
                "not_principals": [],
                "not_resources": [],
                "principals": [
                  {
                    "identifiers": [
                      "ecs-tasks.amazonaws.com"
                    ],
                    "type": "Service"
                  }
                ],
                "resources": [],
                "sid": "ECSTaskExecutionAssumeRole"
              }
            ],
            "version": "2012-10-17"
          },
          "sensitive_attributes": []
        }
      ]
    },
    {
      "module": "module.ecs_service",
      "mode": "data",
      "type": "aws_iam_policy_document",
      "name": "tasks_assume",
      "provider": "provider[\"registry.terraform.io/hashicorp/aws\"]",
      "instances": [
        {
          "index_key": 0,
          "schema_version": 0,
          "attributes": {
            "id": "1272942357",
            "json": "{\n  \"Version\": \"2012-10-17\",\n  \"Statement\": [\n    {\n      \"Sid\": \"ECSTasksAssumeRole\",\n      \"Effect\": \"Allow\",\n      \"Action\": \"sts:AssumeRole\",\n      \"Principal\": {\n        \"Service\": \"ecs-tasks.amazonaws.com\"\n      },\n      \"Condition\": {\n        \"ArnLike\": {\n          \"aws:SourceArn\": \"arn:aws:ecs:eu-west-2:517716713836:*\"\n        },\n        \"StringEquals\": {\n          \"aws:SourceAccount\": \"517716713836\"\n        }\n      }\n    }\n  ]\n}",
            "override_policy_documents": null,
            "policy_id": null,
            "source_policy_documents": null,
            "statement": [
              {
                "actions": [
                  "sts:AssumeRole"
                ],
                "condition": [
                  {
                    "test": "ArnLike",
                    "values": [
                      "arn:aws:ecs:eu-west-2:517716713836:*"
                    ],
                    "variable": "aws:SourceArn"
                  },
                  {
                    "test": "StringEquals",
                    "values": [
                      "517716713836"
                    ],
                    "variable": "aws:SourceAccount"
                  }
                ],
                "effect": "Allow",
                "not_actions": [],
                "not_principals": [],
                "not_resources": [],
                "principals": [
                  {
                    "identifiers": [
                      "ecs-tasks.amazonaws.com"
                    ],
                    "type": "Service"
                  }
                ],
                "resources": [],
                "sid": "ECSTasksAssumeRole"
              }
            ],
            "version": "2012-10-17"
          },
          "sensitive_attributes": []
        }
      ]
    },
    {
      "module": "module.ecs_service",
      "mode": "data",
      "type": "aws_partition",
      "name": "current",
      "provider": "provider[\"registry.terraform.io/hashicorp/aws\"]",
      "instances": [
        {
          "schema_version": 0,
          "attributes": {
            "dns_suffix": "amazonaws.com",
            "id": "aws",
            "partition": "aws",
            "reverse_dns_prefix": "com.amazonaws"
          },
          "sensitive_attributes": []
        }
      ]
    },
    {
      "module": "module.ecs_service",
      "mode": "data",
      "type": "aws_region",
      "name": "current",
      "provider": "provider[\"registry.terraform.io/hashicorp/aws\"]",
      "instances": [
        {
          "schema_version": 0,
          "attributes": {
            "description": "Europe (London)",
            "endpoint": "ec2.eu-west-2.amazonaws.com",
            "id": "eu-west-2",
            "name": "eu-west-2"
          },
          "sensitive_attributes": []
        }
      ]
    },
    {
      "module": "module.ecs_service",
      "mode": "data",
      "type": "aws_subnet",
      "name": "this",
      "provider": "provider[\"registry.terraform.io/hashicorp/aws\"]",
      "instances": [
        {
          "index_key": 0,
          "schema_version": 0,
          "attributes": {
            "arn": "arn:aws:ec2:eu-west-2:517716713836:subnet/subnet-056614cfa2cec74bb",
            "assign_ipv6_address_on_creation": false,
            "availability_zone": "eu-west-2a",
            "availability_zone_id": "euw2-az2",
            "available_ip_address_count": 4091,
            "cidr_block": "10.0.0.0/20",
            "customer_owned_ipv4_pool": "",
            "default_for_az": false,
            "enable_dns64": false,
            "enable_lni_at_device_index": 0,
            "enable_resource_name_dns_a_record_on_launch": false,
            "enable_resource_name_dns_aaaa_record_on_launch": false,
            "filter": null,
            "id": "subnet-056614cfa2cec74bb",
            "ipv6_cidr_block": "",
            "ipv6_cidr_block_association_id": "",
            "ipv6_native": false,
            "map_customer_owned_ip_on_launch": false,
            "map_public_ip_on_launch": false,
            "outpost_arn": "",
            "owner_id": "517716713836",
            "private_dns_hostname_type_on_launch": "ip-name",
            "state": "available",
            "tags": {
              "Example": "ex-fargate",
              "Name": "ex-fargate",
              "Repository": "https://github.com/terraform-aws-modules/terraform-aws-ecs"
            },
            "timeouts": null,
            "vpc_id": "vpc-0720376b818bed70c"
          },
          "sensitive_attributes": []
        }
      ]
    },
    {
      "module": "module.ecs_service",
      "mode": "managed",
      "type": "aws_ecs_service",
      "name": "this",
      "provider": "provider[\"registry.terraform.io/hashicorp/aws\"]",
      "instances": [
        {
          "index_key": 0,
          "schema_version": 0,
          "attributes": {
            "alarms": [],
            "capacity_provider_strategy": [],
            "cluster": "arn:aws:ecs:eu-west-2:517716713836:cluster/ex-fargate",
            "deployment_circuit_breaker": [
              {
                "enable": false,
                "rollback": false
              }
            ],
            "deployment_controller": [
              {
                "type": "ECS"
              }
            ],
            "deployment_maximum_percent": 200,
            "deployment_minimum_healthy_percent": 66,
            "desired_count": 1,
            "enable_ecs_managed_tags": true,
            "enable_execute_command": true,
            "force_new_deployment": true,
            "health_check_grace_period_seconds": 0,
            "iam_role": "/aws-service-role/ecs.amazonaws.com/AWSServiceRoleForECS",
            "id": "arn:aws:ecs:eu-west-2:517716713836:service/ex-fargate/ex-fargate",
            "launch_type": "FARGATE",
            "load_balancer": [
              {
                "container_name": "ecsdemo-frontend",
                "container_port": 3000,
                "elb_name": "",
                "target_group_arn": "arn:aws:elasticloadbalancing:eu-west-2:517716713836:targetgroup/tf-2024021009322761350000000a/538e9b470e9cd8e0"
              }
            ],
            "name": "ex-fargate",
            "network_configuration": [
              {
                "assign_public_ip": false,
                "security_groups": [
                  "sg-054cf5bdc5a523b74"
                ],
                "subnets": [
                  "subnet-00ce1b384d92d50e9",
                  "subnet-056614cfa2cec74bb",
                  "subnet-083cc0baec3fdb466"
                ]
              }
            ],
            "ordered_placement_strategy": [],
            "placement_constraints": [],
            "platform_version": "LATEST",
            "propagate_tags": "NONE",
            "scheduling_strategy": "REPLICA",
            "service_connect_configuration": [
              {
                "enabled": true,
                "log_configuration": [],
                "namespace": "arn:aws:servicediscovery:eu-west-2:517716713836:namespace/ns-b3yqy7vr3jfgvcth",
                "service": [
                  {
                    "client_alias": [
                      {
                        "dns_name": "ecsdemo-frontend",
                        "port": 3000
                      }
                    ],
                    "discovery_name": "ecsdemo-frontend",
                    "ingress_port_override": 0,
                    "port_name": "ecsdemo-frontend"
                  }
                ]
              }
            ],
            "service_registries": [],
            "tags": {
              "Example": "ex-fargate",
              "Name": "ex-fargate",
              "Repository": "https://github.com/terraform-aws-modules/terraform-aws-ecs",
              "ServiceTag": "Tag on service level"
            },
            "tags_all": {
              "Example": "ex-fargate",
              "Name": "ex-fargate",
              "Repository": "https://github.com/terraform-aws-modules/terraform-aws-ecs",
              "ServiceTag": "Tag on service level"
            },
            "task_definition": "ex-fargate:1",
            "timeouts": {
              "create": null,
              "delete": "2m",
              "update": null
            },
            "triggers": {},
            "wait_for_steady_state": false
          },
          "sensitive_attributes": [],
          "private": "eyJlMmJmYjczMC1lY2FhLTExZTYtOGY4OC0zNDM2M2JjN2M0YzAiOnsiY3JlYXRlIjoxMjAwMDAwMDAwMDAwLCJkZWxldGUiOjEyMDAwMDAwMDAwMCwidXBkYXRlIjoxMjAwMDAwMDAwMDAwfX0=",
          "dependencies": [
            "aws_service_discovery_http_namespace.this",
            "data.aws_availability_zones.available",
            "data.aws_ssm_parameter.fluentbit",
            "module.alb.aws_lb_target_group.this",
            "module.ecs_cluster.aws_cloudwatch_log_group.this",
            "module.ecs_cluster.aws_ecs_cluster.this",
            "module.ecs_service.aws_ecs_task_definition.this",
            "module.ecs_service.aws_iam_policy.service",
            "module.ecs_service.aws_iam_role.service",
            "module.ecs_service.aws_iam_role.task_exec",
            "module.ecs_service.aws_iam_role.tasks",
            "module.ecs_service.aws_iam_role_policy_attachment.service",
            "module.ecs_service.aws_security_group.this",
            "module.ecs_service.data.aws_caller_identity.current",
            "module.ecs_service.data.aws_ecs_task_definition.this",
            "module.ecs_service.data.aws_iam_policy_document.service",
            "module.ecs_service.data.aws_iam_policy_document.service_assume",
            "module.ecs_service.data.aws_iam_policy_document.task_exec_assume",
            "module.ecs_service.data.aws_iam_policy_document.tasks_assume",
            "module.ecs_service.data.aws_partition.current",
            "module.ecs_service.data.aws_region.current",
            "module.ecs_service.data.aws_subnet.this",
            "module.ecs_service.module.container_definition.aws_cloudwatch_log_group.this",
            "module.ecs_service.module.container_definition.data.aws_region.current",
            "module.vpc.aws_subnet.private",
            "module.vpc.aws_vpc.this",
            "module.vpc.aws_vpc_ipv4_cidr_block_association.this"
          ]
        }
      ]
    },
    {
      "module": "module.ecs_service",
      "mode": "managed",
      "type": "aws_ecs_task_definition",
      "name": "this",
      "provider": "provider[\"registry.terraform.io/hashicorp/aws\"]",
      "instances": [
        {
          "index_key": 0,
          "schema_version": 1,
          "attributes": {
            "arn": "arn:aws:ecs:eu-west-2:517716713836:task-definition/ex-fargate:1",
            "arn_without_revision": "arn:aws:ecs:eu-west-2:517716713836:task-definition/ex-fargate",
            "container_definitions": "[{\"cpu\":512,\"dependsOn\":[{\"condition\":\"START\",\"containerName\":\"fluent-bit\"}],\"environment\":[],\"essential\":true,\"image\":\"public.ecr.aws/aws-containers/ecsdemo-frontend:776fd50\",\"interactive\":false,\"linuxParameters\":{\"capabilities\":{\"drop\":[\"NET_RAW\"]},\"initProcessEnabled\":true},\"logConfiguration\":{\"logDriver\":\"awsfirelens\",\"options\":{\"Name\":\"firehose\",\"delivery_stream\":\"my-stream\",\"log-driver-buffer-limit\":\"2097152\",\"region\":\"eu-west-2\"}},\"memory\":1024,\"memoryReservation\":100,\"mountPoints\":[],\"name\":\"ecsdemo-frontend\",\"portMappings\":[{\"containerPort\":3000,\"hostPort\":3000,\"name\":\"ecsdemo-frontend\",\"protocol\":\"tcp\"}],\"privileged\":false,\"pseudoTerminal\":false,\"readonlyRootFilesystem\":false,\"startTimeout\":30,\"stopTimeout\":120,\"user\":\"0\",\"volumesFrom\":[]},{\"cpu\":512,\"environment\":[],\"essential\":true,\"firelensConfiguration\":{\"type\":\"fluentbit\"},\"image\":\"906394416424.dkr.ecr.eu-west-2.amazonaws.com/aws-for-fluent-bit:2.31.12.20231011\",\"interactive\":false,\"linuxParameters\":{\"initProcessEnabled\":true},\"logConfiguration\":{\"logDriver\":\"awslogs\",\"options\":{\"awslogs-group\":\"/aws/ecs/ex-fargate/fluent-bit\",\"awslogs-region\":\"eu-west-2\",\"awslogs-stream-prefix\":\"ecs\"}},\"memory\":1024,\"memoryReservation\":50,\"mountPoints\":[],\"name\":\"fluent-bit\",\"portMappings\":[],\"privileged\":false,\"pseudoTerminal\":false,\"readonlyRootFilesystem\":true,\"startTimeout\":30,\"stopTimeout\":120,\"user\":\"0\",\"volumesFrom\":[]}]",
            "cpu": "1024",
            "ephemeral_storage": [],
            "execution_role_arn": "arn:aws:iam::517716713836:role/ex-fargate-20240210093215075200000002",
            "family": "ex-fargate",
            "id": "ex-fargate",
            "inference_accelerator": [],
            "ipc_mode": "",
            "memory": "4096",
            "network_mode": "awsvpc",
            "pid_mode": "",
            "placement_constraints": [],
            "proxy_configuration": [],
            "requires_compatibilities": [
              "FARGATE"
            ],
            "revision": 1,
            "runtime_platform": [
              {
                "cpu_architecture": "X86_64",
                "operating_system_family": "LINUX"
              }
            ],
            "skip_destroy": false,
            "tags": {
              "Example": "ex-fargate",
              "Name": "ex-fargate",
              "Repository": "https://github.com/terraform-aws-modules/terraform-aws-ecs"
            },
            "tags_all": {
              "Example": "ex-fargate",
              "Name": "ex-fargate",
              "Repository": "https://github.com/terraform-aws-modules/terraform-aws-ecs"
            },
            "task_role_arn": "arn:aws:iam::517716713836:role/ex-fargate-20240210093215075600000004",
            "volume": []
          },
          "sensitive_attributes": [],
          "private": "eyJzY2hlbWFfdmVyc2lvbiI6IjEifQ==",
          "dependencies": [
            "data.aws_ssm_parameter.fluentbit",
            "module.ecs_service.aws_iam_role.task_exec",
            "module.ecs_service.aws_iam_role.tasks",
            "module.ecs_service.data.aws_caller_identity.current",
            "module.ecs_service.data.aws_iam_policy_document.task_exec_assume",
            "module.ecs_service.data.aws_iam_policy_document.tasks_assume",
            "module.ecs_service.data.aws_partition.current",
            "module.ecs_service.data.aws_region.current",
            "module.ecs_service.module.container_definition.aws_cloudwatch_log_group.this",
            "module.ecs_service.module.container_definition.data.aws_region.current"
          ],
          "create_before_destroy": true
        }
      ]
    },
    {
      "module": "module.ecs_service",
      "mode": "managed",
      "type": "aws_iam_role",
      "name": "task_exec",
      "provider": "provider[\"registry.terraform.io/hashicorp/aws\"]",
      "instances": [
        {
          "index_key": 0,
          "schema_version": 0,
          "attributes": {
            "arn": "arn:aws:iam::517716713836:role/ex-fargate-20240210093215075200000002",
            "assume_role_policy": "{\"Statement\":[{\"Action\":\"sts:AssumeRole\",\"Effect\":\"Allow\",\"Principal\":{\"Service\":\"ecs-tasks.amazonaws.com\"},\"Sid\":\"ECSTaskExecutionAssumeRole\"}],\"Version\":\"2012-10-17\"}",
            "create_date": "2024-02-10T09:32:15Z",
            "description": "Task execution role for ex-fargate",
            "force_detach_policies": true,
            "id": "ex-fargate-20240210093215075200000002",
            "inline_policy": [],
            "managed_policy_arns": [
              "arn:aws:iam::517716713836:policy/ex-fargate-20240210093215075300000003"
            ],
            "max_session_duration": 3600,
            "name": "ex-fargate-20240210093215075200000002",
            "name_prefix": "ex-fargate-",
            "path": "/",
            "permissions_boundary": "",
            "tags": {
              "Example": "ex-fargate",
              "Name": "ex-fargate",
              "Repository": "https://github.com/terraform-aws-modules/terraform-aws-ecs"
            },
            "tags_all": {
              "Example": "ex-fargate",
              "Name": "ex-fargate",
              "Repository": "https://github.com/terraform-aws-modules/terraform-aws-ecs"
            },
            "unique_id": "AROAXRCSSEFWPEFIR3H3Z"
          },
          "sensitive_attributes": [],
          "private": "bnVsbA==",
          "dependencies": [
            "module.ecs_service.data.aws_iam_policy_document.task_exec_assume"
          ],
          "create_before_destroy": true
        }
      ]
    },
    {
      "module": "module.ecs_service",
      "mode": "managed",
      "type": "aws_iam_role",
      "name": "tasks",
      "provider": "provider[\"registry.terraform.io/hashicorp/aws\"]",
      "instances": [
        {
          "index_key": 0,
          "schema_version": 0,
          "attributes": {
            "arn": "arn:aws:iam::517716713836:role/ex-fargate-20240210093215075600000004",
            "assume_role_policy": "{\"Statement\":[{\"Action\":\"sts:AssumeRole\",\"Condition\":{\"ArnLike\":{\"aws:SourceArn\":\"arn:aws:ecs:eu-west-2:517716713836:*\"},\"StringEquals\":{\"aws:SourceAccount\":\"517716713836\"}},\"Effect\":\"Allow\",\"Principal\":{\"Service\":\"ecs-tasks.amazonaws.com\"},\"Sid\":\"ECSTasksAssumeRole\"}],\"Version\":\"2012-10-17\"}",
            "create_date": "2024-02-10T09:32:15Z",
            "description": "",
            "force_detach_policies": true,
            "id": "ex-fargate-20240210093215075600000004",
            "inline_policy": [
              {
                "name": "ex-fargate-20240210093216061800000005",
                "policy": "{\"Version\":\"2012-10-17\",\"Statement\":[{\"Action\":[\"ssmmessages:OpenDataChannel\",\"ssmmessages:OpenControlChannel\",\"ssmmessages:CreateDataChannel\",\"ssmmessages:CreateControlChannel\"],\"Effect\":\"Allow\",\"Resource\":\"*\",\"Sid\":\"ECSExec\"}]}"
              }
            ],
            "managed_policy_arns": [],
            "max_session_duration": 3600,
            "name": "ex-fargate-20240210093215075600000004",
            "name_prefix": "ex-fargate-",
            "path": "/",
            "permissions_boundary": "",
            "tags": {
              "Example": "ex-fargate",
              "Name": "ex-fargate",
              "Repository": "https://github.com/terraform-aws-modules/terraform-aws-ecs"
            },
            "tags_all": {
              "Example": "ex-fargate",
              "Name": "ex-fargate",
              "Repository": "https://github.com/terraform-aws-modules/terraform-aws-ecs"
            },
            "unique_id": "AROAXRCSSEFWM7TW7R7QE"
          },
          "sensitive_attributes": [],
          "private": "bnVsbA==",
          "dependencies": [
            "module.ecs_service.data.aws_caller_identity.current",
            "module.ecs_service.data.aws_iam_policy_document.tasks_assume",
            "module.ecs_service.data.aws_partition.current",
            "module.ecs_service.data.aws_region.current"
          ],
          "create_before_destroy": true
        }
      ]
    },
    {
      "module": "module.ecs_service",
      "mode": "managed",
      "type": "aws_security_group",
      "name": "this",
      "provider": "provider[\"registry.terraform.io/hashicorp/aws\"]",
      "instances": [
        {
          "index_key": 0,
          "schema_version": 1,
          "attributes": {
            "arn": "arn:aws:ec2:eu-west-2:517716713836:security-group/sg-054cf5bdc5a523b74",
            "description": "Managed by Terraform",
            "egress": [
              {
                "cidr_blocks": [
                  "0.0.0.0/0"
                ],
                "description": "",
                "from_port": 0,
                "ipv6_cidr_blocks": [],
                "prefix_list_ids": [],
                "protocol": "-1",
                "security_groups": [],
                "self": false,
                "to_port": 0
              }
            ],
            "id": "sg-054cf5bdc5a523b74",
            "ingress": [
              {
                "cidr_blocks": [],
                "description": "Service port",
                "from_port": 3000,
                "ipv6_cidr_blocks": [],
                "prefix_list_ids": [],
                "protocol": "tcp",
                "security_groups": [
                  "sg-0d5e8f4835a7b808c"
                ],
                "self": false,
                "to_port": 3000
              }
            ],
            "name": "ex-fargate-2024021009322852560000000c",
            "name_prefix": "ex-fargate-",
            "owner_id": "517716713836",
            "revoke_rules_on_delete": false,
            "tags": {
              "Example": "ex-fargate",
              "Name": "ex-fargate",
              "Repository": "https://github.com/terraform-aws-modules/terraform-aws-ecs"
            },
            "tags_all": {
              "Example": "ex-fargate",
              "Name": "ex-fargate",
              "Repository": "https://github.com/terraform-aws-modules/terraform-aws-ecs"
            },
            "timeouts": null,
            "vpc_id": "vpc-0720376b818bed70c"
          },
          "sensitive_attributes": [],
          "private": "eyJlMmJmYjczMC1lY2FhLTExZTYtOGY4OC0zNDM2M2JjN2M0YzAiOnsiY3JlYXRlIjo2MDAwMDAwMDAwMDAsImRlbGV0ZSI6OTAwMDAwMDAwMDAwfSwic2NoZW1hX3ZlcnNpb24iOiIxIn0=",
          "dependencies": [
            "data.aws_availability_zones.available",
            "module.ecs_service.data.aws_subnet.this",
            "module.vpc.aws_subnet.private",
            "module.vpc.aws_vpc.this",
            "module.vpc.aws_vpc_ipv4_cidr_block_association.this"
          ],
          "create_before_destroy": true
        }
      ]
    },
    {
      "module": "module.ecs_service.module.container_definition[\"ecsdemo-frontend\"]",
      "mode": "data",
      "type": "aws_region",
      "name": "current",
      "provider": "provider[\"registry.terraform.io/hashicorp/aws\"]",
      "instances": [
        {
          "schema_version": 0,
          "attributes": {
            "description": "Europe (London)",
            "endpoint": "ec2.eu-west-2.amazonaws.com",
            "id": "eu-west-2",
            "name": "eu-west-2"
          },
          "sensitive_attributes": []
        }
      ]
    },
    {
      "module": "module.ecs_service.module.container_definition[\"fluent-bit\"]",
      "mode": "data",
      "type": "aws_region",
      "name": "current",
      "provider": "provider[\"registry.terraform.io/hashicorp/aws\"]",
      "instances": [
        {
          "schema_version": 0,
          "attributes": {
            "description": "Europe (London)",
            "endpoint": "ec2.eu-west-2.amazonaws.com",
            "id": "eu-west-2",
            "name": "eu-west-2"
          },
          "sensitive_attributes": []
        }
      ]
    },
    {
      "module": "module.ecs_service.module.container_definition[\"fluent-bit\"]",
      "mode": "managed",
      "type": "aws_cloudwatch_log_group",
      "name": "this",
      "provider": "provider[\"registry.terraform.io/hashicorp/aws\"]",
      "instances": [
        {
          "index_key": 0,
          "schema_version": 0,
          "attributes": {
            "arn": "arn:aws:logs:eu-west-2:517716713836:log-group:/aws/ecs/ex-fargate/fluent-bit",
            "id": "/aws/ecs/ex-fargate/fluent-bit",
            "kms_key_id": "",
            "log_group_class": "STANDARD",
            "name": "/aws/ecs/ex-fargate/fluent-bit",
            "name_prefix": "",
            "retention_in_days": 14,
            "skip_destroy": false,
            "tags": {
              "Example": "ex-fargate",
              "Name": "ex-fargate",
              "Repository": "https://github.com/terraform-aws-modules/terraform-aws-ecs"
            },
            "tags_all": {
              "Example": "ex-fargate",
              "Name": "ex-fargate",
              "Repository": "https://github.com/terraform-aws-modules/terraform-aws-ecs"
            }
          },
          "sensitive_attributes": [],
          "private": "bnVsbA==",
          "dependencies": [
            "data.aws_ssm_parameter.fluentbit"
          ],
          "create_before_destroy": true
        }
      ]
    },
    {
      "module": "module.vpc",
      "mode": "managed",
      "type": "aws_subnet",
      "name": "private",
      "provider": "provider[\"registry.terraform.io/hashicorp/aws\"]",
      "instances": [
        {
          "index_key": 0,
          "schema_version": 1,
          "attributes": {
            "arn": "arn:aws:ec2:eu-west-2:517716713836:subnet/subnet-056614cfa2cec74bb",
            "assign_ipv6_address_on_creation": false,
            "availability_zone": "eu-west-2a",
            "availability_zone_id": "euw2-az2",
            "cidr_block": "10.0.0.0/20",
            "customer_owned_ipv4_pool": "",
            "enable_dns64": false,
            "enable_lni_at_device_index": 0,
            "enable_resource_name_dns_a_record_on_launch": false,
            "enable_resource_name_dns_aaaa_record_on_launch": false,
            "id": "subnet-056614cfa2cec74bb",
            "ipv6_cidr_block": "",
            "ipv6_cidr_block_association_id": "",
            "ipv6_native": false,
            "map_customer_owned_ip_on_launch": false,
            "map_public_ip_on_launch": false,
            "outpost_arn": "",
            "owner_id": "517716713836",
            "private_dns_hostname_type_on_launch": "ip-name",
            "tags": {
              "Example": "ex-fargate",
              "Name": "ex-fargate",
              "Repository": "https://github.com/terraform-aws-modules/terraform-aws-ecs"
            },
            "tags_all": {
              "Example": "ex-fargate",
              "Name": "ex-fargate",
              "Repository": "https://github.com/terraform-aws-modules/terraform-aws-ecs"
            },
            "timeouts": null,
            "vpc_id": "vpc-0720376b818bed70c"
          },
          "sensitive_attributes": [],
          "private": "eyJlMmJmYjczMC1lY2FhLTExZTYtOGY4OC0zNDM2M2JjN2M0YzAiOnsiY3JlYXRlIjo2MDAwMDAwMDAwMDAsImRlbGV0ZSI6MTIwMDAwMDAwMDAwMH0sInNjaGVtYV92ZXJzaW9uIjoiMSJ9",
          "dependencies": [
            "data.aws_availability_zones.available",
            "module.vpc.aws_vpc.this",
            "module.vpc.aws_vpc_ipv4_cidr_block_association.this"
          ],
          "create_before_destroy": true
        },
        {
          "index_key": 1,
          "schema_version": 1,
          "attributes": {
            "arn": "arn:aws:ec2:eu-west-2:517716713836:subnet/subnet-083cc0baec3fdb466",
            "assign_ipv6_address_on_creation": false,
            "availability_zone": "eu-west-2b",
            "availability_zone_id": "euw2-az3",
            "cidr_block": "10.0.16.0/20",
            "customer_owned_ipv4_pool": "",
            "enable_dns64": false,
            "enable_lni_at_device_index": 0,
            "enable_resource_name_dns_a_record_on_launch": false,
            "enable_resource_name_dns_aaaa_record_on_launch": false,
            "id": "subnet-083cc0baec3fdb466",
            "ipv6_cidr_block": "",
            "ipv6_cidr_block_association_id": "",
            "ipv6_native": false,
            "map_customer_owned_ip_on_launch": false,
            "map_public_ip_on_launch": false,
            "outpost_arn": "",
            "owner_id": "517716713836",
            "private_dns_hostname_type_on_launch": "ip-name",
            "tags": {
              "Example": "ex-fargate",
              "Name": "ex-fargate",
              "Repository": "https://github.com/terraform-aws-modules/terraform-aws-ecs"
            },
            "tags_all": {
              "Example": "ex-fargate",
              "Name": "ex-fargate",
              "Repository": "https://github.com/terraform-aws-modules/terraform-aws-ecs"
            },
            "timeouts": null,
            "vpc_id": "vpc-0720376b818bed70c"
          },
          "sensitive_attributes": [],
          "private": "eyJlMmJmYjczMC1lY2FhLTExZTYtOGY4OC0zNDM2M2JjN2M0YzAiOnsiY3JlYXRlIjo2MDAwMDAwMDAwMDAsImRlbGV0ZSI6MTIwMDAwMDAwMDAwMH0sInNjaGVtYV92ZXJzaW9uIjoiMSJ9",
          "dependencies": [
            "data.aws_availability_zones.available",
            "module.vpc.aws_vpc.this",
            "module.vpc.aws_vpc_ipv4_cidr_block_association.this"
          ],
          "create_before_destroy": true
        },
        {
          "index_key": 2,
          "schema_version": 1,
          "attributes": {
            "arn": "arn:aws:ec2:eu-west-2:517716713836:subnet/subnet-00ce1b384d92d50e9",
            "assign_ipv6_address_on_creation": false,
            "availability_zone": "eu-west-2c",
            "availability_zone_id": "euw2-az1",
            "cidr_block": "10.0.32.0/20",
            "customer_owned_ipv4_pool": "",
            "enable_dns64": false,
            "enable_lni_at_device_index": 0,
            "enable_resource_name_dns_a_record_on_launch": false,
            "enable_resource_name_dns_aaaa_record_on_launch": false,
            "id": "subnet-00ce1b384d92d50e9",
            "ipv6_cidr_block": "",
            "ipv6_cidr_block_association_id": "",
            "ipv6_native": false,
            "map_customer_owned_ip_on_launch": false,
            "map_public_ip_on_launch": false,
            "outpost_arn": "",
            "owner_id": "517716713836",
            "private_dns_hostname_type_on_launch": "ip-name",
            "tags": {
              "Example": "ex-fargate",
              "Name": "ex-fargate",
              "Repository": "https://github.com/terraform-aws-modules/terraform-aws-ecs"
            },
            "tags_all": {
              "Example": "ex-fargate",
              "Name": "ex-fargate",
              "Repository": "https://github.com/terraform-aws-modules/terraform-aws-ecs"
            },
            "timeouts": null,
            "vpc_id": "vpc-0720376b818bed70c"
          },
          "sensitive_attributes": [],
          "private": "eyJlMmJmYjczMC1lY2FhLTExZTYtOGY4OC0zNDM2M2JjN2M0YzAiOnsiY3JlYXRlIjo2MDAwMDAwMDAwMDAsImRlbGV0ZSI6MTIwMDAwMDAwMDAwMH0sInNjaGVtYV92ZXJzaW9uIjoiMSJ9",
          "dependencies": [
            "data.aws_availability_zones.available",
            "module.vpc.aws_vpc.this",
            "module.vpc.aws_vpc_ipv4_cidr_block_association.this"
          ],
          "create_before_destroy": true
        }
      ]
    },
    {
      "module": "module.vpc",
      "mode": "managed",
      "type": "aws_vpc",
      "name": "this",
      "provider": "provider[\"registry.terraform.io/hashicorp/aws\"]",
      "instances": [
        {
          "index_key": 0,
          "schema_version": 1,
          "attributes": {
            "arn": "arn:aws:ec2:eu-west-2:517716713836:vpc/vpc-0720376b818bed70c",
            "assign_generated_ipv6_cidr_block": false,
            "cidr_block": "10.0.0.0/16",
            "default_network_acl_id": "acl-0d09cf95bcbc467ec",
            "default_route_table_id": "rtb-0b21f95fb112547e3",
            "default_security_group_id": "sg-0a89520f13e971f3b",
            "dhcp_options_id": "dopt-2c35c445",
            "enable_dns_hostnames": true,
            "enable_dns_support": true,
            "enable_network_address_usage_metrics": false,
            "id": "vpc-0720376b818bed70c",
            "instance_tenancy": "default",
            "ipv4_ipam_pool_id": null,
            "ipv4_netmask_length": null,
            "ipv6_association_id": "",
            "ipv6_cidr_block": "",
            "ipv6_cidr_block_network_border_group": "",
            "ipv6_ipam_pool_id": "",
            "ipv6_netmask_length": 0,
            "main_route_table_id": "rtb-0b21f95fb112547e3",
            "owner_id": "517716713836",
            "tags": {
              "Example": "ex-fargate",
              "Name": "ex-fargate",
              "Repository": "https://github.com/terraform-aws-modules/terraform-aws-ecs"
            },
            "tags_all": {
              "Example": "ex-fargate",
              "Name": "ex-fargate",
              "Repository": "https://github.com/terraform-aws-modules/terraform-aws-ecs"
            }
          },
          "sensitive_attributes": [],
          "private": "eyJzY2hlbWFfdmVyc2lvbiI6IjEifQ==",
          "create_before_destroy": true
        }
      ]
    }
  ],
  "check_results": null
}
