{
  "version": 4,
  "terraform_version": "1.4.6",
  "serial": 21,
  "lineage": "99983d5b-249e-28e7-ef1a-b34959cda2c4",
  "outputs": {
    "kubernetes_cluster_host": {
      "value": "34.89.71.2",
      "type": "string"
    },
    "kubernetes_cluster_name": {
      "value": "random-uk-lon-cluster",
      "type": "string"
    },
    "project_id": {
      "value": "njcsa-369315",
      "type": "string"
    },
    "region": {
      "value": "europe-west2",
      "type": "string"
    }
  },
  "resources": [
    {
      "mode": "data",
      "type": "google_container_engine_versions",
      "name": "gke_version",
      "provider": "provider[\"registry.terraform.io/hashicorp/google\"]",
      "instances": [
        {
          "schema_version": 0,
          "attributes": {
            "default_cluster_version": "1.27.3-gke.100",
            "id": "2024-02-04 16:16:49.808339 +0000 UTC",
            "latest_master_version": "1.27.10-gke.1055000",
            "latest_node_version": "1.27.10-gke.1055000",
            "location": "europe-west2",
            "project": null,
            "release_channel_default_version": {
              "RAPID": "1.29.0-gke.1381000",
              "REGULAR": "1.27.3-gke.100",
              "STABLE": "1.27.3-gke.100"
            },
            "release_channel_latest_version": {
              "RAPID": "1.27.10-gke.1055000",
              "REGULAR": "1.27.9-gke.1092000",
              "STABLE": "1.27.8-gke.1067004"
            },
            "valid_master_versions": [
              "1.27.10-gke.1055000",
              "1.27.9-gke.1092000",
              "1.27.8-gke.1067004",
              "1.27.7-gke.1121002",
              "1.27.3-gke.100",
              "1.27.2-gke.1200"
            ],
            "valid_node_versions": [
              "1.27.10-gke.1055000",
              "1.27.9-gke.1092000",
              "1.27.8-gke.1067004",
              "1.27.8-gke.1067000",
              "1.27.7-gke.1293000",
              "1.27.7-gke.1121002",
              "1.27.7-gke.1121000",
              "1.27.7-gke.1088000",
              "1.27.7-gke.1056000",
              "1.27.7-gke.1038000",
              "1.27.6-gke.1506000",
              "1.27.6-gke.1445000",
              "1.27.6-gke.1248000",
              "1.27.5-gke.200",
              "1.27.4-gke.900",
              "1.27.3-gke.1700",
              "1.27.3-gke.100",
              "1.27.2-gke.2100",
              "1.27.2-gke.1200"
            ],
            "version_prefix": "1.27."
          },
          "sensitive_attributes": []
        }
      ]
    },
    {
      "mode": "managed",
      "type": "google_compute_network",
      "name": "vpc",
      "provider": "provider[\"registry.terraform.io/hashicorp/google\"]",
      "instances": [
        {
          "schema_version": 0,
          "attributes": {
            "auto_create_subnetworks": false,
            "delete_default_routes_on_create": false,
            "description": "",
            "enable_ula_internal_ipv6": false,
            "gateway_ipv4": "",
            "id": "projects/njcsa-369315/global/networks/random-uk-lon-vpc",
            "internal_ipv6_range": "",
            "mtu": 0,
            "name": "random-uk-lon-vpc",
            "network_firewall_policy_enforcement_order": "AFTER_CLASSIC_FIREWALL",
            "project": "njcsa-369315",
            "routing_mode": "REGIONAL",
            "self_link": "https://www.googleapis.com/compute/v1/projects/njcsa-369315/global/networks/random-uk-lon-vpc",
            "timeouts": null
          },
          "sensitive_attributes": [],
          "private": "eyJlMmJmYjczMC1lY2FhLTExZTYtOGY4OC0zNDM2M2JjN2M0YzAiOnsiY3JlYXRlIjoxMjAwMDAwMDAwMDAwLCJkZWxldGUiOjEyMDAwMDAwMDAwMDAsInVwZGF0ZSI6MTIwMDAwMDAwMDAwMH19"
        }
      ]
    },
    {
      "mode": "managed",
      "type": "google_compute_subnetwork",
      "name": "subnet",
      "provider": "provider[\"registry.terraform.io/hashicorp/google\"]",
      "instances": [
        {
          "schema_version": 0,
          "attributes": {
            "creation_timestamp": "2024-02-04T08:17:03.772-08:00",
            "description": "",
            "external_ipv6_prefix": "",
            "fingerprint": null,
            "gateway_address": "10.10.0.1",
            "id": "projects/njcsa-369315/regions/europe-west2/subnetworks/random-uk-lon-subnet",
            "ip_cidr_range": "10.10.0.0/24",
            "ipv6_access_type": "",
            "ipv6_cidr_range": "",
            "log_config": [],
            "name": "random-uk-lon-subnet",
            "network": "https://www.googleapis.com/compute/v1/projects/njcsa-369315/global/networks/random-uk-lon-vpc",
            "private_ip_google_access": false,
            "private_ipv6_google_access": "DISABLE_GOOGLE_ACCESS",
            "project": "njcsa-369315",
            "purpose": "PRIVATE",
            "region": "europe-west2",
            "role": "",
            "secondary_ip_range": [],
            "self_link": "https://www.googleapis.com/compute/v1/projects/njcsa-369315/regions/europe-west2/subnetworks/random-uk-lon-subnet",
            "stack_type": "IPV4_ONLY",
            "timeouts": null
          },
          "sensitive_attributes": [],
          "private": "eyJlMmJmYjczMC1lY2FhLTExZTYtOGY4OC0zNDM2M2JjN2M0YzAiOnsiY3JlYXRlIjoxMjAwMDAwMDAwMDAwLCJkZWxldGUiOjEyMDAwMDAwMDAwMDAsInVwZGF0ZSI6MTIwMDAwMDAwMDAwMH19",
          "dependencies": [
            "google_compute_network.vpc"
          ]
        }
      ]
    },
    {
      "mode": "managed",
      "type": "google_container_cluster",
      "name": "primary",
      "provider": "provider[\"registry.terraform.io/hashicorp/google\"]",
      "instances": [
        {
          "schema_version": 1,
          "attributes": {
            "addons_config": [
              {
                "cloudrun_config": [],
                "config_connector_config": [],
                "dns_cache_config": [],
                "gce_persistent_disk_csi_driver_config": [
                  {
                    "enabled": true
                  }
                ],
                "gcp_filestore_csi_driver_config": [],
                "gke_backup_agent_config": [],
                "horizontal_pod_autoscaling": [],
                "http_load_balancing": [],
                "network_policy_config": [
                  {
                    "disabled": true
                  }
                ]
              }
            ],
            "authenticator_groups_config": [],
            "binary_authorization": [
              {
                "enabled": false,
                "evaluation_mode": ""
              }
            ],
            "cluster_autoscaling": [
              {
                "auto_provisioning_defaults": [],
                "enabled": false,
                "resource_limits": []
              }
            ],
            "cluster_ipv4_cidr": "10.44.0.0/14",
            "confidential_nodes": [],
            "cost_management_config": [],
            "database_encryption": [
              {
                "key_name": "",
                "state": "DECRYPTED"
              }
            ],
            "datapath_provider": "",
            "default_max_pods_per_node": null,
            "default_snat_status": [
              {
                "disabled": false
              }
            ],
            "description": "",
            "dns_config": [],
            "enable_autopilot": false,
            "enable_binary_authorization": false,
            "enable_intranode_visibility": false,
            "enable_kubernetes_alpha": false,
            "enable_l4_ilb_subsetting": false,
            "enable_legacy_abac": false,
            "enable_shielded_nodes": true,
            "enable_tpu": false,
            "endpoint": "34.89.71.2",
            "gateway_api_config": [],
            "id": "projects/njcsa-369315/locations/europe-west2/clusters/random-uk-lon-cluster",
            "initial_node_count": 1,
            "ip_allocation_policy": [],
            "label_fingerprint": "a9dc16a7",
            "location": "europe-west2",
            "logging_config": [
              {
                "enable_components": [
                  "SYSTEM_COMPONENTS",
                  "WORKLOADS"
                ]
              }
            ],
            "logging_service": "logging.googleapis.com/kubernetes",
            "maintenance_policy": [],
            "master_auth": [
              {
                "client_certificate": "",
                "client_certificate_config": [
                  {
                    "issue_client_certificate": false
                  }
                ],
                "client_key": "",
                "cluster_ca_certificate": "LS0tLS1CRUdJTiBDRVJUSUZJQ0FURS0tLS0tCk1JSUVMRENDQXBTZ0F3SUJBZ0lRYTJtVEZ0Q29PQmtTMUJvaXFjTWwvREFOQmdrcWhraUc5dzBCQVFzRkFEQXYKTVMwd0t3WURWUVFERXlSa05Ea3lNREk1TWkweU1qUXdMVFJsTVRRdE9EUXpOUzA0TVdWalkyUmhORGd6WlRFdwpJQmNOTWpRd01qQTBNVFV4TnpJMVdoZ1BNakExTkRBeE1qY3hOakUzTWpWYU1DOHhMVEFyQmdOVkJBTVRKR1EwCk9USXdNamt5TFRJeU5EQXROR1V4TkMwNE5ETTFMVGd4WldOalpHRTBPRE5sTVRDQ0FhSXdEUVlKS29aSWh2Y04KQVFFQkJRQURnZ0dQQURDQ0FZb0NnZ0dCQU1UdGlseExJanZMUHgvRjY0elpnQzRSNkYrVnM0Y1dZYmNieWhpNQowQ09OeThFa0ZYaVBQTGZCQ1pnT2Z2TXNrTXlXTXB2djRWaGFiWThYK29tYUczUmZ2RE5EZFZmZ1dROUpRQk5CCnpvWXVZOC9NT2piOHk2L1ZieWpqZitPQzRRV2tOQ0FqTFVhZEU5OFMwRUlZRDQ5ZE9rR3RiSEpkd0ZRdkxJR2EKaTRVRGZUSnpyZFFuMGtiOE5xZUh2NWxPL2REZlhTc20vY0s5TSsxTFoyUmhEU1REbFV5R1VpNVB0MkF5RFEwbwprSzAyN3VBVmY3dkszWmM1ZHZwYk9PUFh6L2hRa2xRazhibGJVYTN1QnJ6bjBWcysxTTMybWdwZW0vU3h1L1pNCjdJK2lwOGdvOFdaL1dBV2JGNFRaSDBhT042Q3orVlY5dXlUdTVYRkR5c1BjYkhHR2lqZVAyeFhyeUZKOGRSRGgKUE5RNkVlL2hWWVFiR3VTQ1dYTzI2UXhzczY2MFBkM0JRaGFPZ09PL3BYdzkvSU02cCtXOGFkZ096cGtKNTUyOApWWFAzV2ZYRThLNG9yWEZqWXY5b2RYaC9BdURxaWwwTUdJZ1dTRDBWb3Bsa1BiY1R2czhDRnViZVpianhXcmhECm5pTmIxTm9XWTBuZ2l3WHJlL2U0cVB3cSt3SURBUUFCbzBJd1FEQU9CZ05WSFE4QkFmOEVCQU1DQWdRd0R3WUQKVlIwVEFRSC9CQVV3QXdFQi96QWRCZ05WSFE0RUZnUVUzc3U2RTlNdUY2aHAvVExXWjVlM0x4eVNxVVl3RFFZSgpLb1pJaHZjTkFRRUxCUUFEZ2dHQkFDYlZmWjBpeDVIcU1UUVJNYXhaWE52Z0crai9UZUdJN1ZHR3c1T2VFd0YxCk9QcEg0MWhnRWFWVHBOZkNOTTF2USt0bHlnbHBaNUtRWkY1VzJHNUdLdVgxNFRoNVFwTkk2WjV5ZVlIZ0w1MWQKM28wNjJZaVd2L0ZLSk9CUmRHa1RRaE1wUXB6dkFvdDFPT3cwYVJRNENsWnpHbkhLQThoYW92aFNzMXoyL2tYQgpkRWpLMzcwZzA5eVhTRnlXMFRGZ1Z5SDRxOXFWWVk4QUthOFBMbnhkMmZCd2V4aUJKSThkRVVaOEFTNkN5bFU2CllBanlBTUFSL2oxWWRaQkN4Y1BDTHZlbllFVWYwQWpaOHZrekZhOHZyand0b1ZNeGdicmFLMWk5bXFpV3MzYksKSW5VNzhZYkVsV1h4L3hwVm9ZWDMxRGg0dG1YZDUyaGNUK005T0tCVWZ1MFVKb1c0ZGJUVUxRVGZhcUN4eC9IawpXaTkyTjgvdjBGeStMc3hWaDVRRUxMTFVvMC84K1hnNERBNUxtdHFEcVcwdUdTZEVQL0VjZngreEtwZ2JRK2I4Ck9sK2tTRnA3My9KNWp5L1lrYnNUQnBOcVZ5cDlYazF3cG1jNG1nMnA3TDVEMXdKQWJXeWloVnkvQ3RoSDZta0gKNjU2aWdTUnhPODB1OE5NUnkydCtjQT09Ci0tLS0tRU5EIENFUlRJRklDQVRFLS0tLS0K"
              }
            ],
            "master_authorized_networks_config": [],
            "master_version": "1.27.3-gke.100",
            "mesh_certificates": [],
            "min_master_version": null,
            "monitoring_config": [
              {
                "enable_components": [
                  "SYSTEM_COMPONENTS"
                ],
                "managed_prometheus": [
                  {
                    "enabled": true
                  }
                ]
              }
            ],
            "monitoring_service": "monitoring.googleapis.com/kubernetes",
            "name": "random-uk-lon-cluster",
            "network": "projects/njcsa-369315/global/networks/random-uk-lon-vpc",
            "network_policy": [
              {
                "enabled": false,
                "provider": "PROVIDER_UNSPECIFIED"
              }
            ],
            "networking_mode": "ROUTES",
            "node_config": [],
            "node_locations": [
              "europe-west2-a",
              "europe-west2-b",
              "europe-west2-c"
            ],
            "node_pool": [],
            "node_pool_defaults": [
              {
                "node_config_defaults": [
                  {
                    "logging_variant": "DEFAULT"
                  }
                ]
              }
            ],
            "node_version": "1.27.3-gke.100",
            "notification_config": [
              {
                "pubsub": [
                  {
                    "enabled": false,
                    "filter": [],
                    "topic": ""
                  }
                ]
              }
            ],
            "operation": null,
            "private_cluster_config": [
              {
                "enable_private_endpoint": false,
                "enable_private_nodes": false,
                "master_global_access_config": [
                  {
                    "enabled": false
                  }
                ],
                "master_ipv4_cidr_block": "",
                "peering_name": "",
                "private_endpoint": "10.10.0.2",
                "private_endpoint_subnetwork": "",
                "public_endpoint": "34.89.71.2"
              }
            ],
            "private_ipv6_google_access": "",
            "project": "njcsa-369315",
            "release_channel": [
              {
                "channel": "REGULAR"
              }
            ],
            "remove_default_node_pool": true,
            "resource_labels": null,
            "resource_usage_export_config": [],
            "security_posture_config": [
              {
                "mode": "BASIC",
                "vulnerability_mode": "VULNERABILITY_MODE_UNSPECIFIED"
              }
            ],
            "self_link": "https://container.googleapis.com/v1/projects/njcsa-369315/locations/europe-west2/clusters/random-uk-lon-cluster",
            "service_external_ips_config": [
              {
                "enabled": false
              }
            ],
            "services_ipv4_cidr": "10.47.240.0/20",
            "subnetwork": "projects/njcsa-369315/regions/europe-west2/subnetworks/random-uk-lon-subnet",
            "timeouts": null,
            "tpu_ipv4_cidr_block": "",
            "vertical_pod_autoscaling": [],
            "workload_identity_config": []
          },
          "sensitive_attributes": [],
          "private": "eyJlMmJmYjczMC1lY2FhLTExZTYtOGY4OC0zNDM2M2JjN2M0YzAiOnsiY3JlYXRlIjoyNDAwMDAwMDAwMDAwLCJkZWxldGUiOjI0MDAwMDAwMDAwMDAsInJlYWQiOjI0MDAwMDAwMDAwMDAsInVwZGF0ZSI6MzYwMDAwMDAwMDAwMH0sInNjaGVtYV92ZXJzaW9uIjoiMSJ9",
          "dependencies": [
            "google_compute_network.vpc",
            "google_compute_subnetwork.subnet"
          ]
        }
      ]
    },
    {
      "mode": "managed",
      "type": "google_container_node_pool",
      "name": "primary_nodes",
      "provider": "provider[\"registry.terraform.io/hashicorp/google\"]",
      "instances": [
        {
          "schema_version": 1,
          "attributes": {
            "autoscaling": [],
            "cluster": "random-uk-lon-cluster",
            "id": "projects/njcsa-369315/locations/europe-west2/clusters/random-uk-lon-cluster/nodePools/random-uk-lon-pool",
            "initial_node_count": 2,
            "instance_group_urls": [
              "https://www.googleapis.com/compute/v1/projects/njcsa-369315/zones/europe-west2-b/instanceGroupManagers/gke-random-uk-lon-cl-random-uk-lon-po-f9876a03-grp",
              "https://www.googleapis.com/compute/v1/projects/njcsa-369315/zones/europe-west2-c/instanceGroupManagers/gke-random-uk-lon-cl-random-uk-lon-po-49b0c87a-grp",
              "https://www.googleapis.com/compute/v1/projects/njcsa-369315/zones/europe-west2-a/instanceGroupManagers/gke-random-uk-lon-cl-random-uk-lon-po-81828485-grp"
            ],
            "location": "europe-west2",
            "managed_instance_group_urls": [
              "https://www.googleapis.com/compute/v1/projects/njcsa-369315/zones/europe-west2-b/instanceGroups/gke-random-uk-lon-cl-random-uk-lon-po-f9876a03-grp",
              "https://www.googleapis.com/compute/v1/projects/njcsa-369315/zones/europe-west2-c/instanceGroups/gke-random-uk-lon-cl-random-uk-lon-po-49b0c87a-grp",
              "https://www.googleapis.com/compute/v1/projects/njcsa-369315/zones/europe-west2-a/instanceGroups/gke-random-uk-lon-cl-random-uk-lon-po-81828485-grp"
            ],
            "management": [
              {
                "auto_repair": true,
                "auto_upgrade": true
              }
            ],
            "max_pods_per_node": null,
            "name": "random-uk-lon-pool",
            "name_prefix": "",
            "network_config": [
              {
                "create_pod_range": false,
                "enable_private_nodes": false,
                "pod_cidr_overprovision_config": [],
                "pod_ipv4_cidr_block": "",
                "pod_range": ""
              }
            ],
            "node_config": [
              {
                "advanced_machine_features": [],
                "boot_disk_kms_key": "",
                "disk_size_gb": 100,
                "disk_type": "pd-balanced",
                "ephemeral_storage_local_ssd_config": [],
                "gcfs_config": [],
                "guest_accelerator": [],
                "gvnic": [],
                "image_type": "COS_CONTAINERD",
                "kubelet_config": [],
                "labels": {
                  "env": "njcsa-369315"
                },
                "linux_node_config": [],
                "local_nvme_ssd_block_config": [],
                "local_ssd_count": 0,
                "logging_variant": "DEFAULT",
                "machine_type": "n1-standard-4",
                "metadata": {
                  "disable-legacy-endpoints": "true"
                },
                "min_cpu_platform": "",
                "node_group": "",
                "oauth_scopes": [
                  "https://www.googleapis.com/auth/logging.write",
                  "https://www.googleapis.com/auth/monitoring"
                ],
                "preemptible": false,
                "reservation_affinity": [],
                "resource_labels": null,
                "service_account": "default",
                "shielded_instance_config": [
                  {
                    "enable_integrity_monitoring": true,
                    "enable_secure_boot": false
                  }
                ],
                "sole_tenant_config": [],
                "spot": false,
                "tags": [
                  "cstag-owner-njoshi02",
                  "cstag-product-falcon",
                  "cstag-accounting-dev",
                  "cstag-department-sales-310000",
                  "cstag-business-sales"
                ],
                "taint": [],
                "workload_metadata_config": []
              }
            ],
            "node_count": 2,
            "node_locations": [
              "europe-west2-a",
              "europe-west2-b",
              "europe-west2-c"
            ],
            "operation": null,
            "placement_policy": [],
            "project": "njcsa-369315",
            "timeouts": null,
            "upgrade_settings": [
              {
                "blue_green_settings": [],
                "max_surge": 1,
                "max_unavailable": 0,
                "strategy": "SURGE"
              }
            ],
            "version": "1.27.8-gke.1067004"
          },
          "sensitive_attributes": [],
          "private": "eyJlMmJmYjczMC1lY2FhLTExZTYtOGY4OC0zNDM2M2JjN2M0YzAiOnsiY3JlYXRlIjoxODAwMDAwMDAwMDAwLCJkZWxldGUiOjE4MDAwMDAwMDAwMDAsInVwZGF0ZSI6MTgwMDAwMDAwMDAwMH0sInNjaGVtYV92ZXJzaW9uIjoiMSJ9",
          "dependencies": [
            "data.google_container_engine_versions.gke_version",
            "google_compute_network.vpc",
            "google_compute_subnetwork.subnet",
            "google_container_cluster.primary"
          ]
        }
      ]
    }
  ],
  "check_results": null
}
